// !$*UTF8*$!
{
	archiveVersion = 1;
	classes = {
	};
	objectVersion = 56;
	objects = {

/* Begin PBXBuildFile section */
		C8022BB22B2E5CB500921A27 /* Extensions.swift in Sources */ = {isa = PBXBuildFile; fileRef = C8CB0D782A478EEA00B2CB95 /* Extensions.swift */; };
		C8022BB32B2E5CB600921A27 /* Extensions.swift in Sources */ = {isa = PBXBuildFile; fileRef = C8CB0D782A478EEA00B2CB95 /* Extensions.swift */; };
		C80655BF2B5D285200051AF8 /* OrderedCollections in Frameworks */ = {isa = PBXBuildFile; productRef = C80655BE2B5D285200051AF8 /* OrderedCollections */; };
		C80655C12B5D942600051AF8 /* RenderMarkdown.swift in Sources */ = {isa = PBXBuildFile; fileRef = C80655C02B5D942600051AF8 /* RenderMarkdown.swift */; };
		C80655C22B5D942600051AF8 /* RenderMarkdown.swift in Sources */ = {isa = PBXBuildFile; fileRef = C80655C02B5D942600051AF8 /* RenderMarkdown.swift */; };
		C80655C32B5D942600051AF8 /* RenderMarkdown.swift in Sources */ = {isa = PBXBuildFile; fileRef = C80655C02B5D942600051AF8 /* RenderMarkdown.swift */; };
		C80655C52B5DAC7C00051AF8 /* TabService.swift in Sources */ = {isa = PBXBuildFile; fileRef = C80655C42B5DAC7C00051AF8 /* TabService.swift */; };
		C80655C62B5DAC7C00051AF8 /* TabService.swift in Sources */ = {isa = PBXBuildFile; fileRef = C80655C42B5DAC7C00051AF8 /* TabService.swift */; };
		C80655C72B5DAC7C00051AF8 /* TabService.swift in Sources */ = {isa = PBXBuildFile; fileRef = C80655C42B5DAC7C00051AF8 /* TabService.swift */; };
		C80655C92B5DACDE00051AF8 /* TabBar.swift in Sources */ = {isa = PBXBuildFile; fileRef = C80655C82B5DACDE00051AF8 /* TabBar.swift */; };
		C80883102A5DAE90001AC6E5 /* OrdoRow.swift in Sources */ = {isa = PBXBuildFile; fileRef = C808830F2A5DAE90001AC6E5 /* OrdoRow.swift */; };
		C80ED7372B53ECCD00FDCD51 /* DateFormatter.swift in Sources */ = {isa = PBXBuildFile; fileRef = C80ED7362B53ECCD00FDCD51 /* DateFormatter.swift */; };
		C80ED7382B53ECE200FDCD51 /* DateFormatter.swift in Sources */ = {isa = PBXBuildFile; fileRef = C80ED7362B53ECCD00FDCD51 /* DateFormatter.swift */; };
		C80ED73A2B53ECEC00FDCD51 /* DateFormatter.swift in Sources */ = {isa = PBXBuildFile; fileRef = C80ED7362B53ECCD00FDCD51 /* DateFormatter.swift */; };
		C8186FBB2A2A544D0072AB13 /* PrayersView.swift in Sources */ = {isa = PBXBuildFile; fileRef = C8186FBA2A2A544D0072AB13 /* PrayersView.swift */; };
		C82C281D2B655DFC0092904A /* Locale.swift in Sources */ = {isa = PBXBuildFile; fileRef = C82C281C2B655DFC0092904A /* Locale.swift */; };
		C82C281E2B655F560092904A /* Locale.swift in Sources */ = {isa = PBXBuildFile; fileRef = C82C281C2B655DFC0092904A /* Locale.swift */; };
		C82C281F2B655F560092904A /* Locale.swift in Sources */ = {isa = PBXBuildFile; fileRef = C82C281C2B655DFC0092904A /* Locale.swift */; };
		C837C76F2A3A569100178D00 /* NetworkMonitor.swift in Sources */ = {isa = PBXBuildFile; fileRef = C837C76E2A3A569000178D00 /* NetworkMonitor.swift */; };
		C844736F2A900184005E2E9D /* ordo-1962-widget.appex in Embed Foundation Extensions */ = {isa = PBXBuildFile; fileRef = C844736E2A9000A1005E2E9D /* ordo-1962-widget.appex */; settings = {ATTRIBUTES = (RemoveHeadersOnCopy, ); }; };
		C84A18E22B21B0FC00D55834 /* LoadingView.swift in Sources */ = {isa = PBXBuildFile; fileRef = C84A18E12B21B0FC00D55834 /* LoadingView.swift */; };
		C84C543F2A0C016E006CEB35 /* SettingsView.swift in Sources */ = {isa = PBXBuildFile; fileRef = C84C543E2A0C016E006CEB35 /* SettingsView.swift */; };
		C84E92062B30F4450083A2FB /* API.swift in Sources */ = {isa = PBXBuildFile; fileRef = C8FE43932B2A45F7000A68C6 /* API.swift */; };
		C84E92072B30F4450083A2FB /* API.swift in Sources */ = {isa = PBXBuildFile; fileRef = C8FE43932B2A45F7000A68C6 /* API.swift */; };
		C84E92082B30F4480083A2FB /* Cache.swift in Sources */ = {isa = PBXBuildFile; fileRef = C8FE43912B2A3EB8000A68C6 /* Cache.swift */; };
		C84E92092B30F4480083A2FB /* Cache.swift in Sources */ = {isa = PBXBuildFile; fileRef = C8FE43912B2A3EB8000A68C6 /* Cache.swift */; };
		C84E920A2B30F44B0083A2FB /* ActiveData.swift in Sources */ = {isa = PBXBuildFile; fileRef = C8FE438F2B2A359F000A68C6 /* ActiveData.swift */; };
		C84E920B2B30F44B0083A2FB /* ActiveData.swift in Sources */ = {isa = PBXBuildFile; fileRef = C8FE438F2B2A359F000A68C6 /* ActiveData.swift */; };
		C84E920C2B30F6A90083A2FB /* NetworkMonitor.swift in Sources */ = {isa = PBXBuildFile; fileRef = C837C76E2A3A569000178D00 /* NetworkMonitor.swift */; };
		C84E920D2B30F7A30083A2FB /* NetworkMonitor.swift in Sources */ = {isa = PBXBuildFile; fileRef = C837C76E2A3A569000178D00 /* NetworkMonitor.swift */; };
		C8589D5D2B6644DF00C55C69 /* LocalPushNoifications.swift in Sources */ = {isa = PBXBuildFile; fileRef = C8589D5C2B6644DF00C55C69 /* LocalPushNoifications.swift */; };
		C8589D5F2B66476D00C55C69 /* NotificationToggle.swift in Sources */ = {isa = PBXBuildFile; fileRef = C8589D5E2B66476D00C55C69 /* NotificationToggle.swift */; };
		C85DEB492A34A9D5005269E3 /* WidgetKit.framework in Frameworks */ = {isa = PBXBuildFile; fileRef = C85DEB122A34A7E3005269E3 /* WidgetKit.framework */; };
		C85DEB4A2A34A9D5005269E3 /* SwiftUI.framework in Frameworks */ = {isa = PBXBuildFile; fileRef = C85DEB142A34A7E4005269E3 /* SwiftUI.framework */; };
		C85DEB4F2A34A9D5005269E3 /* Widget.swift in Sources */ = {isa = PBXBuildFile; fileRef = C85DEB4E2A34A9D5005269E3 /* Widget.swift */; };
		C85DEB512A34A9D7005269E3 /* Assets.xcassets in Resources */ = {isa = PBXBuildFile; fileRef = C85DEB502A34A9D7005269E3 /* Assets.xcassets */; };
		C87086772B66C80F009A9796 /* AdditionalMassPropers.swift in Sources */ = {isa = PBXBuildFile; fileRef = C87086762B66C80F009A9796 /* AdditionalMassPropers.swift */; };
		C87086792B66C832009A9796 /* LocalFeast.swift in Sources */ = {isa = PBXBuildFile; fileRef = C87086782B66C832009A9796 /* LocalFeast.swift */; };
		C871588529F0433400E1F02D /* OrdoView.swift in Sources */ = {isa = PBXBuildFile; fileRef = C871588429F0433400E1F02D /* OrdoView.swift */; };
		C871588729F051C500E1F02D /* ErrorView.swift in Sources */ = {isa = PBXBuildFile; fileRef = C871588629F051C500E1F02D /* ErrorView.swift */; };
		C872D32F2B2F3667006EE383 /* DisplayPropers.swift in Sources */ = {isa = PBXBuildFile; fileRef = C872D32E2B2F3667006EE383 /* DisplayPropers.swift */; };
		C89E51AD2A8FDEE5006C88B3 /* 1962 Ordo.app in Embed Watch Content */ = {isa = PBXBuildFile; fileRef = C89213992A8FDCA2000ED8E1 /* 1962 Ordo.app */; settings = {ATTRIBUTES = (RemoveHeadersOnCopy, ); }; };
		C89F1BEA2B4037FE00073084 /* CalendarDetails.swift in Sources */ = {isa = PBXBuildFile; fileRef = C89F1BE92B4037FE00073084 /* CalendarDetails.swift */; };
		C8A3596C29EF06220018F6B7 /* App.swift in Sources */ = {isa = PBXBuildFile; fileRef = C8A3596B29EF06220018F6B7 /* App.swift */; };
		C8A3596E29EF06220018F6B7 /* ContentView.swift in Sources */ = {isa = PBXBuildFile; fileRef = C8A3596D29EF06220018F6B7 /* ContentView.swift */; };
		C8A3597029EF06240018F6B7 /* Assets.xcassets in Resources */ = {isa = PBXBuildFile; fileRef = C8A3596F29EF06240018F6B7 /* Assets.xcassets */; };
		C8AD1EA62B2CB9C100631ACA /* Propers.swift in Sources */ = {isa = PBXBuildFile; fileRef = C8AD1EA52B2CB9C100631ACA /* Propers.swift */; };
		C8AD1EA72B2CB9C900631ACA /* Propers.swift in Sources */ = {isa = PBXBuildFile; fileRef = C8AD1EA52B2CB9C100631ACA /* Propers.swift */; };
		C8AD1EA82B2CB9C900631ACA /* Propers.swift in Sources */ = {isa = PBXBuildFile; fileRef = C8AD1EA52B2CB9C100631ACA /* Propers.swift */; };
		C8AD1EAA2B2CB9E600631ACA /* Prayers.swift in Sources */ = {isa = PBXBuildFile; fileRef = C8AD1EA92B2CB9E600631ACA /* Prayers.swift */; };
		C8AD1EAC2B2CB9FD00631ACA /* Ordo.swift in Sources */ = {isa = PBXBuildFile; fileRef = C8AD1EAB2B2CB9FD00631ACA /* Ordo.swift */; };
		C8AD1EAE2B2CBA0A00631ACA /* Season.swift in Sources */ = {isa = PBXBuildFile; fileRef = C8AD1EAD2B2CBA0A00631ACA /* Season.swift */; };
		C8AD1EAF2B2CBA0D00631ACA /* Season.swift in Sources */ = {isa = PBXBuildFile; fileRef = C8AD1EAD2B2CBA0A00631ACA /* Season.swift */; };
		C8AD1EB02B2CBA0F00631ACA /* Season.swift in Sources */ = {isa = PBXBuildFile; fileRef = C8AD1EAD2B2CBA0A00631ACA /* Season.swift */; };
		C8AD1EB12B2CBA1100631ACA /* Ordo.swift in Sources */ = {isa = PBXBuildFile; fileRef = C8AD1EAB2B2CB9FD00631ACA /* Ordo.swift */; };
		C8AD1EB22B2CBA1200631ACA /* Ordo.swift in Sources */ = {isa = PBXBuildFile; fileRef = C8AD1EAB2B2CB9FD00631ACA /* Ordo.swift */; };
		C8AD1EB32B2CBA1600631ACA /* Prayers.swift in Sources */ = {isa = PBXBuildFile; fileRef = C8AD1EA92B2CB9E600631ACA /* Prayers.swift */; };
		C8AD1EB42B2CBA1600631ACA /* Prayers.swift in Sources */ = {isa = PBXBuildFile; fileRef = C8AD1EA92B2CB9E600631ACA /* Prayers.swift */; };
		C8AD1EB62B2CCC0B00631ACA /* CommonView.swift in Sources */ = {isa = PBXBuildFile; fileRef = C8AD1EB52B2CCC0B00631ACA /* CommonView.swift */; };
		C8ADAC472B60609D001EE81B /* VotivePropers.swift in Sources */ = {isa = PBXBuildFile; fileRef = C8ADAC462B60609D001EE81B /* VotivePropers.swift */; };
		C8ADAC492B60627C001EE81B /* OrdoEventList.swift in Sources */ = {isa = PBXBuildFile; fileRef = C8ADAC482B60627C001EE81B /* OrdoEventList.swift */; };
		C8ADAC4B2B606406001EE81B /* OrdoToolbar.swift in Sources */ = {isa = PBXBuildFile; fileRef = C8ADAC4A2B606406001EE81B /* OrdoToolbar.swift */; };
		C8ADAC4D2B60651F001EE81B /* OrdoFeast.swift in Sources */ = {isa = PBXBuildFile; fileRef = C8ADAC4C2B60651F001EE81B /* OrdoFeast.swift */; };
		C8ADAC4F2B606EE2001EE81B /* OrderedCollections in Frameworks */ = {isa = PBXBuildFile; productRef = C8ADAC4E2B606EE2001EE81B /* OrderedCollections */; };
		C8AE1DD92A2125D000B36A2C /* Tag.swift in Sources */ = {isa = PBXBuildFile; fileRef = C8AE1DD82A2125D000B36A2C /* Tag.swift */; };
		C8AE1DDB2A21260500B36A2C /* DisplayDate.swift in Sources */ = {isa = PBXBuildFile; fileRef = C8AE1DDA2A21260500B36A2C /* DisplayDate.swift */; };
		C8AE1DE42A21275F00B36A2C /* SendEmail.swift in Sources */ = {isa = PBXBuildFile; fileRef = C8AE1DE32A21275F00B36A2C /* SendEmail.swift */; };
		C8AE1DE82A214B7D00B36A2C /* iCal.swift in Sources */ = {isa = PBXBuildFile; fileRef = C8AE1DE72A214B7D00B36A2C /* iCal.swift */; };
		C8B374602A23A2040024E930 /* LaunchScreen.storyboard in Resources */ = {isa = PBXBuildFile; fileRef = C8B3745F2A23A2040024E930 /* LaunchScreen.storyboard */; };
		C8B61D142B3F71E000CF74CB /* InfoView.swift in Sources */ = {isa = PBXBuildFile; fileRef = C8B61D132B3F71E000CF74CB /* InfoView.swift */; };
		C8B61D172B3F881E00CF74CB /* OrderedCollections in Frameworks */ = {isa = PBXBuildFile; productRef = C8B61D162B3F881E00CF74CB /* OrderedCollections */; };
		C8B7FBC02A715BDE0026107C /* DisplayText.swift in Sources */ = {isa = PBXBuildFile; fileRef = C8B7FBBF2A715BDE0026107C /* DisplayText.swift */; };
		C8C6CEFD2A8260610010EEDE /* Gradient.swift in Sources */ = {isa = PBXBuildFile; fileRef = C8C6CEFC2A8260610010EEDE /* Gradient.swift */; };
		C8C904B32A377EF100BB6872 /* AlertToast in Frameworks */ = {isa = PBXBuildFile; productRef = C8C904B22A377EF100BB6872 /* AlertToast */; };
		C8CB0D792A478EEA00B2CB95 /* Extensions.swift in Sources */ = {isa = PBXBuildFile; fileRef = C8CB0D782A478EEA00B2CB95 /* Extensions.swift */; };
		C8D4DCC02A3610E50049C042 /* App.swift in Sources */ = {isa = PBXBuildFile; fileRef = C8D4DCBF2A3610E50049C042 /* App.swift */; };
		C8D4DCC22A3610E50049C042 /* ContentView.swift in Sources */ = {isa = PBXBuildFile; fileRef = C8D4DCC12A3610E50049C042 /* ContentView.swift */; };
		C8D4DCC42A3610E70049C042 /* Assets.xcassets in Resources */ = {isa = PBXBuildFile; fileRef = C8D4DCC32A3610E70049C042 /* Assets.xcassets */; };
		C8D4DCC72A3610E70049C042 /* Preview Assets.xcassets in Resources */ = {isa = PBXBuildFile; fileRef = C8D4DCC62A3610E70049C042 /* Preview Assets.xcassets */; };
		C8D4DCCF2A3616D90049C042 /* SwiftUI.framework in Frameworks */ = {isa = PBXBuildFile; fileRef = C8D4DCCE2A3616D90049C042 /* SwiftUI.framework */; };
		C8DE94D42B6ADCD6002FB5E6 /* CountryFeastDates.swift in Sources */ = {isa = PBXBuildFile; fileRef = C8DE94D32B6ADCD6002FB5E6 /* CountryFeastDates.swift */; };
		C8DE94D62B6ADCE5002FB5E6 /* PlaceholderList.swift in Sources */ = {isa = PBXBuildFile; fileRef = C8DE94D52B6ADCE5002FB5E6 /* PlaceholderList.swift */; };
		C8F9C1472B5EF47A0052864F /* InfoStructure.swift in Sources */ = {isa = PBXBuildFile; fileRef = C8F9C1462B5EF47A0052864F /* InfoStructure.swift */; };
		C8F9C14A2B5EFF0C0052864F /* KeyboardShowing.swift in Sources */ = {isa = PBXBuildFile; fileRef = C8F9C1492B5EFF0C0052864F /* KeyboardShowing.swift */; };
		C8F9C14C2B5EFF8B0052864F /* OrdoBar.swift in Sources */ = {isa = PBXBuildFile; fileRef = C8F9C14B2B5EFF8B0052864F /* OrdoBar.swift */; };
		C8FE43902B2A359F000A68C6 /* ActiveData.swift in Sources */ = {isa = PBXBuildFile; fileRef = C8FE438F2B2A359F000A68C6 /* ActiveData.swift */; };
		C8FE43922B2A3EB8000A68C6 /* Cache.swift in Sources */ = {isa = PBXBuildFile; fileRef = C8FE43912B2A3EB8000A68C6 /* Cache.swift */; };
		C8FE43942B2A45F7000A68C6 /* API.swift in Sources */ = {isa = PBXBuildFile; fileRef = C8FE43932B2A45F7000A68C6 /* API.swift */; };
/* End PBXBuildFile section */

/* Begin PBXContainerItemProxy section */
		C85DEB532A34A9D7005269E3 /* PBXContainerItemProxy */ = {
			isa = PBXContainerItemProxy;
			containerPortal = C8A3596029EF06220018F6B7 /* Project object */;
			proxyType = 1;
			remoteGlobalIDString = C85DEB472A34A9D5005269E3;
			remoteInfo = CalendarWidgetExtension;
		};
		C89296232A45B3230090871A /* PBXContainerItemProxy */ = {
			isa = PBXContainerItemProxy;
			containerPortal = C8A3596029EF06220018F6B7 /* Project object */;
			proxyType = 1;
			remoteGlobalIDString = C8D4DCBC2A3610E50049C042;
			remoteInfo = "Ordo62 Watch App";
		};
/* End PBXContainerItemProxy section */

/* Begin PBXCopyFilesBuildPhase section */
		C85DEB262A34A7E6005269E3 /* Embed Foundation Extensions */ = {
			isa = PBXCopyFilesBuildPhase;
			buildActionMask = 12;
			dstPath = "";
			dstSubfolderSpec = 13;
			files = (
				C844736F2A900184005E2E9D /* ordo-1962-widget.appex in Embed Foundation Extensions */,
			);
			name = "Embed Foundation Extensions";
			runOnlyForDeploymentPostprocessing = 0;
		};
		C8BE49FD2A360EA40076EF32 /* Embed Watch Content */ = {
			isa = PBXCopyFilesBuildPhase;
			buildActionMask = 12;
			dstPath = "$(CONTENTS_FOLDER_PATH)/Watch";
			dstSubfolderSpec = 16;
			files = (
				C89E51AD2A8FDEE5006C88B3 /* 1962 Ordo.app in Embed Watch Content */,
			);
			name = "Embed Watch Content";
			runOnlyForDeploymentPostprocessing = 0;
		};
		C8D4DCEB2A3629B90049C042 /* Embed Foundation Extensions */ = {
			isa = PBXCopyFilesBuildPhase;
			buildActionMask = 2147483647;
			dstPath = "";
			dstSubfolderSpec = 13;
			files = (
			);
			name = "Embed Foundation Extensions";
			runOnlyForDeploymentPostprocessing = 0;
		};
/* End PBXCopyFilesBuildPhase section */

/* Begin PBXFileReference section */
		C80655C02B5D942600051AF8 /* RenderMarkdown.swift */ = {isa = PBXFileReference; lastKnownFileType = sourcecode.swift; path = RenderMarkdown.swift; sourceTree = "<group>"; };
		C80655C42B5DAC7C00051AF8 /* TabService.swift */ = {isa = PBXFileReference; lastKnownFileType = sourcecode.swift; path = TabService.swift; sourceTree = "<group>"; };
		C80655C82B5DACDE00051AF8 /* TabBar.swift */ = {isa = PBXFileReference; lastKnownFileType = sourcecode.swift; path = TabBar.swift; sourceTree = "<group>"; };
		C808830F2A5DAE90001AC6E5 /* OrdoRow.swift */ = {isa = PBXFileReference; lastKnownFileType = sourcecode.swift; path = OrdoRow.swift; sourceTree = "<group>"; };
		C80ED7362B53ECCD00FDCD51 /* DateFormatter.swift */ = {isa = PBXFileReference; lastKnownFileType = sourcecode.swift; path = DateFormatter.swift; sourceTree = "<group>"; };
		C8186FBA2A2A544D0072AB13 /* PrayersView.swift */ = {isa = PBXFileReference; lastKnownFileType = sourcecode.swift; path = PrayersView.swift; sourceTree = "<group>"; };
		C82C281C2B655DFC0092904A /* Locale.swift */ = {isa = PBXFileReference; lastKnownFileType = sourcecode.swift; path = Locale.swift; sourceTree = "<group>"; };
		C837C76E2A3A569000178D00 /* NetworkMonitor.swift */ = {isa = PBXFileReference; lastKnownFileType = sourcecode.swift; path = NetworkMonitor.swift; sourceTree = "<group>"; };
		C844736E2A9000A1005E2E9D /* ordo-1962-widget.appex */ = {isa = PBXFileReference; explicitFileType = "wrapper.app-extension"; includeInIndex = 0; path = "ordo-1962-widget.appex"; sourceTree = BUILT_PRODUCTS_DIR; };
		C84A18E12B21B0FC00D55834 /* LoadingView.swift */ = {isa = PBXFileReference; lastKnownFileType = sourcecode.swift; path = LoadingView.swift; sourceTree = "<group>"; };
		C84C543E2A0C016E006CEB35 /* SettingsView.swift */ = {isa = PBXFileReference; lastKnownFileType = sourcecode.swift; path = SettingsView.swift; sourceTree = "<group>"; };
		C8589D5C2B6644DF00C55C69 /* LocalPushNoifications.swift */ = {isa = PBXFileReference; lastKnownFileType = sourcecode.swift; path = LocalPushNoifications.swift; sourceTree = "<group>"; };
		C8589D5E2B66476D00C55C69 /* NotificationToggle.swift */ = {isa = PBXFileReference; lastKnownFileType = sourcecode.swift; path = NotificationToggle.swift; sourceTree = "<group>"; };
		C85DEB122A34A7E3005269E3 /* WidgetKit.framework */ = {isa = PBXFileReference; lastKnownFileType = wrapper.framework; name = WidgetKit.framework; path = System/Library/Frameworks/WidgetKit.framework; sourceTree = SDKROOT; };
		C85DEB142A34A7E4005269E3 /* SwiftUI.framework */ = {isa = PBXFileReference; lastKnownFileType = wrapper.framework; name = SwiftUI.framework; path = System/Library/Frameworks/SwiftUI.framework; sourceTree = SDKROOT; };
		C85DEB4E2A34A9D5005269E3 /* Widget.swift */ = {isa = PBXFileReference; lastKnownFileType = sourcecode.swift; path = Widget.swift; sourceTree = "<group>"; };
		C85DEB502A34A9D7005269E3 /* Assets.xcassets */ = {isa = PBXFileReference; lastKnownFileType = folder.assetcatalog; path = Assets.xcassets; sourceTree = "<group>"; };
		C86842562B33988500A1A95F /* ordo-1962-watch.entitlements */ = {isa = PBXFileReference; lastKnownFileType = text.plist.entitlements; path = "ordo-1962-watch.entitlements"; sourceTree = "<group>"; };
		C87086762B66C80F009A9796 /* AdditionalMassPropers.swift */ = {isa = PBXFileReference; lastKnownFileType = sourcecode.swift; path = AdditionalMassPropers.swift; sourceTree = "<group>"; };
		C87086782B66C832009A9796 /* LocalFeast.swift */ = {isa = PBXFileReference; lastKnownFileType = sourcecode.swift; path = LocalFeast.swift; sourceTree = "<group>"; };
		C871588429F0433400E1F02D /* OrdoView.swift */ = {isa = PBXFileReference; lastKnownFileType = sourcecode.swift; path = OrdoView.swift; sourceTree = "<group>"; };
		C871588629F051C500E1F02D /* ErrorView.swift */ = {isa = PBXFileReference; lastKnownFileType = sourcecode.swift; path = ErrorView.swift; sourceTree = "<group>"; };
		C872D32E2B2F3667006EE383 /* DisplayPropers.swift */ = {isa = PBXFileReference; lastKnownFileType = sourcecode.swift; path = DisplayPropers.swift; sourceTree = "<group>"; };
		C87DF9D82A4086FD00AD1D88 /* ordo-1962.app */ = {isa = PBXFileReference; explicitFileType = wrapper.application; includeInIndex = 0; path = "ordo-1962.app"; sourceTree = BUILT_PRODUCTS_DIR; };
		C89213992A8FDCA2000ED8E1 /* 1962 Ordo.app */ = {isa = PBXFileReference; explicitFileType = wrapper.application; includeInIndex = 0; path = "1962 Ordo.app"; sourceTree = BUILT_PRODUCTS_DIR; };
		C89296252A45D21A0090871A /* WatchKit.framework */ = {isa = PBXFileReference; lastKnownFileType = wrapper.framework; name = WatchKit.framework; path = Platforms/WatchOS.platform/Developer/SDKs/WatchOS9.4.sdk/System/Library/Frameworks/WatchKit.framework; sourceTree = DEVELOPER_DIR; };
		C89559CB2A3E24B7007F3882 /* widget-ent.entitlements */ = {isa = PBXFileReference; lastKnownFileType = text.plist.entitlements; path = "widget-ent.entitlements"; sourceTree = "<group>"; };
		C89F1BE92B4037FE00073084 /* CalendarDetails.swift */ = {isa = PBXFileReference; lastKnownFileType = sourcecode.swift; path = CalendarDetails.swift; sourceTree = "<group>"; };
		C8A3596B29EF06220018F6B7 /* App.swift */ = {isa = PBXFileReference; lastKnownFileType = sourcecode.swift; path = App.swift; sourceTree = "<group>"; };
		C8A3596D29EF06220018F6B7 /* ContentView.swift */ = {isa = PBXFileReference; lastKnownFileType = sourcecode.swift; path = ContentView.swift; sourceTree = "<group>"; };
		C8A3596F29EF06240018F6B7 /* Assets.xcassets */ = {isa = PBXFileReference; lastKnownFileType = folder.assetcatalog; path = Assets.xcassets; sourceTree = "<group>"; };
		C8AD1EA52B2CB9C100631ACA /* Propers.swift */ = {isa = PBXFileReference; lastKnownFileType = sourcecode.swift; path = Propers.swift; sourceTree = "<group>"; };
		C8AD1EA92B2CB9E600631ACA /* Prayers.swift */ = {isa = PBXFileReference; lastKnownFileType = sourcecode.swift; path = Prayers.swift; sourceTree = "<group>"; };
		C8AD1EAB2B2CB9FD00631ACA /* Ordo.swift */ = {isa = PBXFileReference; lastKnownFileType = sourcecode.swift; path = Ordo.swift; sourceTree = "<group>"; };
		C8AD1EAD2B2CBA0A00631ACA /* Season.swift */ = {isa = PBXFileReference; lastKnownFileType = sourcecode.swift; path = Season.swift; sourceTree = "<group>"; };
		C8AD1EB52B2CCC0B00631ACA /* CommonView.swift */ = {isa = PBXFileReference; lastKnownFileType = sourcecode.swift; path = CommonView.swift; sourceTree = "<group>"; };
		C8ADAC462B60609D001EE81B /* VotivePropers.swift */ = {isa = PBXFileReference; fileEncoding = 4; lastKnownFileType = sourcecode.swift; path = VotivePropers.swift; sourceTree = "<group>"; };
		C8ADAC482B60627C001EE81B /* OrdoEventList.swift */ = {isa = PBXFileReference; lastKnownFileType = sourcecode.swift; path = OrdoEventList.swift; sourceTree = "<group>"; };
		C8ADAC4A2B606406001EE81B /* OrdoToolbar.swift */ = {isa = PBXFileReference; lastKnownFileType = sourcecode.swift; path = OrdoToolbar.swift; sourceTree = "<group>"; };
		C8ADAC4C2B60651F001EE81B /* OrdoFeast.swift */ = {isa = PBXFileReference; lastKnownFileType = sourcecode.swift; path = OrdoFeast.swift; sourceTree = "<group>"; };
		C8AE1DD82A2125D000B36A2C /* Tag.swift */ = {isa = PBXFileReference; lastKnownFileType = sourcecode.swift; path = Tag.swift; sourceTree = "<group>"; };
		C8AE1DDA2A21260500B36A2C /* DisplayDate.swift */ = {isa = PBXFileReference; lastKnownFileType = sourcecode.swift; path = DisplayDate.swift; sourceTree = "<group>"; };
		C8AE1DE32A21275F00B36A2C /* SendEmail.swift */ = {isa = PBXFileReference; lastKnownFileType = sourcecode.swift; path = SendEmail.swift; sourceTree = "<group>"; };
		C8AE1DE72A214B7D00B36A2C /* iCal.swift */ = {isa = PBXFileReference; lastKnownFileType = sourcecode.swift; path = iCal.swift; sourceTree = "<group>"; };
		C8B3745F2A23A2040024E930 /* LaunchScreen.storyboard */ = {isa = PBXFileReference; lastKnownFileType = file.storyboard; path = LaunchScreen.storyboard; sourceTree = "<group>"; };
		C8B61D132B3F71E000CF74CB /* InfoView.swift */ = {isa = PBXFileReference; lastKnownFileType = sourcecode.swift; path = InfoView.swift; sourceTree = "<group>"; };
		C8B7FBBF2A715BDE0026107C /* DisplayText.swift */ = {isa = PBXFileReference; lastKnownFileType = sourcecode.swift; path = DisplayText.swift; sourceTree = "<group>"; };
		C8BAA13829F2F12200D167E8 /* app-ent.entitlements */ = {isa = PBXFileReference; lastKnownFileType = text.plist.entitlements; path = "app-ent.entitlements"; sourceTree = "<group>"; };
		C8C6CEFC2A8260610010EEDE /* Gradient.swift */ = {isa = PBXFileReference; lastKnownFileType = sourcecode.swift; path = Gradient.swift; sourceTree = "<group>"; };
		C8CB0D782A478EEA00B2CB95 /* Extensions.swift */ = {isa = PBXFileReference; lastKnownFileType = sourcecode.swift; path = Extensions.swift; sourceTree = "<group>"; };
		C8D4DCBF2A3610E50049C042 /* App.swift */ = {isa = PBXFileReference; lastKnownFileType = sourcecode.swift; path = App.swift; sourceTree = "<group>"; };
		C8D4DCC12A3610E50049C042 /* ContentView.swift */ = {isa = PBXFileReference; lastKnownFileType = sourcecode.swift; path = ContentView.swift; sourceTree = "<group>"; };
		C8D4DCC32A3610E70049C042 /* Assets.xcassets */ = {isa = PBXFileReference; lastKnownFileType = folder.assetcatalog; path = Assets.xcassets; sourceTree = "<group>"; };
		C8D4DCC62A3610E70049C042 /* Preview Assets.xcassets */ = {isa = PBXFileReference; lastKnownFileType = folder.assetcatalog; path = "Preview Assets.xcassets"; sourceTree = "<group>"; };
		C8D4DCCE2A3616D90049C042 /* SwiftUI.framework */ = {isa = PBXFileReference; lastKnownFileType = wrapper.framework; name = SwiftUI.framework; path = Platforms/WatchOS.platform/Developer/SDKs/WatchOS9.4.sdk/System/Library/Frameworks/SwiftUI.framework; sourceTree = DEVELOPER_DIR; };
		C8DE94D32B6ADCD6002FB5E6 /* CountryFeastDates.swift */ = {isa = PBXFileReference; fileEncoding = 4; lastKnownFileType = sourcecode.swift; path = CountryFeastDates.swift; sourceTree = "<group>"; };
		C8DE94D52B6ADCE5002FB5E6 /* PlaceholderList.swift */ = {isa = PBXFileReference; fileEncoding = 4; lastKnownFileType = sourcecode.swift; path = PlaceholderList.swift; sourceTree = "<group>"; };
		C8DF2F002A900FAE001F4D7F /* Info.plist */ = {isa = PBXFileReference; lastKnownFileType = text.plist.xml; path = Info.plist; sourceTree = "<group>"; };
		C8DF2F022A90161E001F4D7F /* Info.plist */ = {isa = PBXFileReference; lastKnownFileType = text.plist.xml; path = Info.plist; sourceTree = "<group>"; };
		C8ECAF6B2B3A269A00788D68 /* ordo-1962-Info.plist */ = {isa = PBXFileReference; lastKnownFileType = text.plist; path = "ordo-1962-Info.plist"; sourceTree = "<group>"; };
		C8F9C1462B5EF47A0052864F /* InfoStructure.swift */ = {isa = PBXFileReference; lastKnownFileType = sourcecode.swift; path = InfoStructure.swift; sourceTree = "<group>"; };
		C8F9C1492B5EFF0C0052864F /* KeyboardShowing.swift */ = {isa = PBXFileReference; lastKnownFileType = sourcecode.swift; path = KeyboardShowing.swift; sourceTree = "<group>"; };
		C8F9C14B2B5EFF8B0052864F /* OrdoBar.swift */ = {isa = PBXFileReference; lastKnownFileType = sourcecode.swift; path = OrdoBar.swift; sourceTree = "<group>"; };
		C8FE438F2B2A359F000A68C6 /* ActiveData.swift */ = {isa = PBXFileReference; lastKnownFileType = sourcecode.swift; path = ActiveData.swift; sourceTree = "<group>"; };
		C8FE43912B2A3EB8000A68C6 /* Cache.swift */ = {isa = PBXFileReference; lastKnownFileType = sourcecode.swift; path = Cache.swift; sourceTree = "<group>"; };
		C8FE43932B2A45F7000A68C6 /* API.swift */ = {isa = PBXFileReference; lastKnownFileType = sourcecode.swift; path = API.swift; sourceTree = "<group>"; };
/* End PBXFileReference section */

/* Begin PBXFrameworksBuildPhase section */
		C85DEB452A34A9D5005269E3 /* Frameworks */ = {
			isa = PBXFrameworksBuildPhase;
			buildActionMask = 2147483647;
			files = (
				C85DEB4A2A34A9D5005269E3 /* SwiftUI.framework in Frameworks */,
				C85DEB492A34A9D5005269E3 /* WidgetKit.framework in Frameworks */,
				C8ADAC4F2B606EE2001EE81B /* OrderedCollections in Frameworks */,
			);
			runOnlyForDeploymentPostprocessing = 0;
		};
		C8A3596529EF06220018F6B7 /* Frameworks */ = {
			isa = PBXFrameworksBuildPhase;
			buildActionMask = 2147483647;
			files = (
				C8B61D172B3F881E00CF74CB /* OrderedCollections in Frameworks */,
				C8C904B32A377EF100BB6872 /* AlertToast in Frameworks */,
			);
			runOnlyForDeploymentPostprocessing = 0;
		};
		C8D4DCBA2A3610E50049C042 /* Frameworks */ = {
			isa = PBXFrameworksBuildPhase;
			buildActionMask = 2147483647;
			files = (
				C80655BF2B5D285200051AF8 /* OrderedCollections in Frameworks */,
				C8D4DCCF2A3616D90049C042 /* SwiftUI.framework in Frameworks */,
			);
			runOnlyForDeploymentPostprocessing = 0;
		};
/* End PBXFrameworksBuildPhase section */

/* Begin PBXGroup section */
		C85DEB4B2A34A9D5005269E3 /* widget */ = {
			isa = PBXGroup;
			children = (
				C89559CB2A3E24B7007F3882 /* widget-ent.entitlements */,
				C8DF2F002A900FAE001F4D7F /* Info.plist */,
				C85DEB4E2A34A9D5005269E3 /* Widget.swift */,
				C85DEB502A34A9D7005269E3 /* Assets.xcassets */,
			);
			path = widget;
			sourceTree = "<group>";
		};
		C870867C2B66C97C009A9796 /* InfoView */ = {
			isa = PBXGroup;
			children = (
				C8DE94D32B6ADCD6002FB5E6 /* CountryFeastDates.swift */,
				C87086762B66C80F009A9796 /* AdditionalMassPropers.swift */,
				C87086782B66C832009A9796 /* LocalFeast.swift */,
			);
			path = InfoView;
			sourceTree = "<group>";
		};
		C870867D2B66C99D009A9796 /* SetiingsView */ = {
			isa = PBXGroup;
			children = (
				C8589D5E2B66476D00C55C69 /* NotificationToggle.swift */,
			);
			path = SetiingsView;
			sourceTree = "<group>";
		};
		C870867E2B66C9AF009A9796 /* LoadingView */ = {
			isa = PBXGroup;
			children = (
				C8DE94D52B6ADCE5002FB5E6 /* PlaceholderList.swift */,
			);
			path = LoadingView;
			sourceTree = "<group>";
		};
		C870867F2B66C9BE009A9796 /* OrdoView */ = {
			isa = PBXGroup;
			children = (
				C8AE1DD82A2125D000B36A2C /* Tag.swift */,
				C8AE1DDA2A21260500B36A2C /* DisplayDate.swift */,
				C8F9C14B2B5EFF8B0052864F /* OrdoBar.swift */,
				C872D32E2B2F3667006EE383 /* DisplayPropers.swift */,
			);
			path = OrdoView;
			sourceTree = "<group>";
		};
		C871588329F042F000E1F02D /* Views */ = {
			isa = PBXGroup;
			children = (
				C8AD1EB52B2CCC0B00631ACA /* CommonView.swift */,
				C871588629F051C500E1F02D /* ErrorView.swift */,
				C84A18E12B21B0FC00D55834 /* LoadingView.swift */,
				C8186FBA2A2A544D0072AB13 /* PrayersView.swift */,
				C84C543E2A0C016E006CEB35 /* SettingsView.swift */,
				C8B61D132B3F71E000CF74CB /* InfoView.swift */,
				C8AE1DD72A21258300B36A2C /* Ordo */,
			);
			path = Views;
			sourceTree = "<group>";
		};
		C8A3595F29EF06220018F6B7 = {
			isa = PBXGroup;
			children = (
				C8ECAF6B2B3A269A00788D68 /* ordo-1962-Info.plist */,
				C86842562B33988500A1A95F /* ordo-1962-watch.entitlements */,
				C8A3596A29EF06220018F6B7 /* ios */,
				C85DEB4B2A34A9D5005269E3 /* widget */,
				C8D4DCBE2A3610E50049C042 /* watchos */,
				C8BAA14629F400FF00D167E8 /* Frameworks */,
				C87DF9D82A4086FD00AD1D88 /* ordo-1962.app */,
				C89213992A8FDCA2000ED8E1 /* 1962 Ordo.app */,
				C844736E2A9000A1005E2E9D /* ordo-1962-widget.appex */,
			);
			sourceTree = "<group>";
		};
		C8A3596A29EF06220018F6B7 /* ios */ = {
			isa = PBXGroup;
			children = (
				C8A3596B29EF06220018F6B7 /* App.swift */,
				C8A3596D29EF06220018F6B7 /* ContentView.swift */,
				C8CB0D782A478EEA00B2CB95 /* Extensions.swift */,
				C8AD1EA12B2C59CD00631ACA /* Client */,
				C8FE438E2B2A3557000A68C6 /* Server */,
				C8BAA13829F2F12200D167E8 /* app-ent.entitlements */,
				C8A3596F29EF06240018F6B7 /* Assets.xcassets */,
				C8B3745F2A23A2040024E930 /* LaunchScreen.storyboard */,
			);
			path = ios;
			sourceTree = "<group>";
		};
		C8AD1EA12B2C59CD00631ACA /* Client */ = {
			isa = PBXGroup;
			children = (
				C8DE94D22B6ADC33002FB5E6 /* Style */,
				C871588329F042F000E1F02D /* Views */,
				C8F9C1482B5EF5DD0052864F /* Data */,
				C8AD1EA22B2C59DB00631ACA /* Services */,
				C8B7FBC32A7165140026107C /* Components */,
			);
			path = Client;
			sourceTree = "<group>";
		};
		C8AD1EA22B2C59DB00631ACA /* Services */ = {
			isa = PBXGroup;
			children = (
				C8AE1DE32A21275F00B36A2C /* SendEmail.swift */,
				C8AE1DE72A214B7D00B36A2C /* iCal.swift */,
				C837C76E2A3A569000178D00 /* NetworkMonitor.swift */,
				C80ED7362B53ECCD00FDCD51 /* DateFormatter.swift */,
				C80655C02B5D942600051AF8 /* RenderMarkdown.swift */,
				C80655C42B5DAC7C00051AF8 /* TabService.swift */,
				C8F9C1492B5EFF0C0052864F /* KeyboardShowing.swift */,
				C8589D5C2B6644DF00C55C69 /* LocalPushNoifications.swift */,
			);
			path = Services;
			sourceTree = "<group>";
		};
		C8AD1EA42B2CB9AD00631ACA /* Models */ = {
			isa = PBXGroup;
			children = (
				C8AD1EAB2B2CB9FD00631ACA /* Ordo.swift */,
				C8AD1EA92B2CB9E600631ACA /* Prayers.swift */,
				C8AD1EA52B2CB9C100631ACA /* Propers.swift */,
				C8AD1EAD2B2CBA0A00631ACA /* Season.swift */,
				C82C281C2B655DFC0092904A /* Locale.swift */,
			);
			path = Models;
			sourceTree = "<group>";
		};
		C8AE1DD72A21258300B36A2C /* Ordo */ = {
			isa = PBXGroup;
			children = (
				C871588429F0433400E1F02D /* OrdoView.swift */,
				C8ADAC482B60627C001EE81B /* OrdoEventList.swift */,
				C808830F2A5DAE90001AC6E5 /* OrdoRow.swift */,
				C8ADAC4A2B606406001EE81B /* OrdoToolbar.swift */,
				C8ADAC4C2B60651F001EE81B /* OrdoFeast.swift */,
			);
			path = Ordo;
			sourceTree = "<group>";
		};
		C8B7FBC32A7165140026107C /* Components */ = {
			isa = PBXGroup;
			children = (
				C870867F2B66C9BE009A9796 /* OrdoView */,
				C870867E2B66C9AF009A9796 /* LoadingView */,
				C870867D2B66C99D009A9796 /* SetiingsView */,
				C870867C2B66C97C009A9796 /* InfoView */,
				C8B7FBBF2A715BDE0026107C /* DisplayText.swift */,
				C80655C82B5DACDE00051AF8 /* TabBar.swift */,
			);
			path = Components;
			sourceTree = "<group>";
		};
		C8BAA14629F400FF00D167E8 /* Frameworks */ = {
			isa = PBXGroup;
			children = (
				C89296252A45D21A0090871A /* WatchKit.framework */,
				C8D4DCCE2A3616D90049C042 /* SwiftUI.framework */,
				C85DEB122A34A7E3005269E3 /* WidgetKit.framework */,
				C85DEB142A34A7E4005269E3 /* SwiftUI.framework */,
			);
			name = Frameworks;
			sourceTree = "<group>";
		};
		C8D4DCBE2A3610E50049C042 /* watchos */ = {
			isa = PBXGroup;
			children = (
				C8D4DCBF2A3610E50049C042 /* App.swift */,
				C8D4DCC12A3610E50049C042 /* ContentView.swift */,
				C8D4DCC32A3610E70049C042 /* Assets.xcassets */,
				C8D4DCC52A3610E70049C042 /* Preview Content */,
				C8DF2F022A90161E001F4D7F /* Info.plist */,
			);
			path = watchos;
			sourceTree = "<group>";
		};
		C8D4DCC52A3610E70049C042 /* Preview Content */ = {
			isa = PBXGroup;
			children = (
				C8D4DCC62A3610E70049C042 /* Preview Assets.xcassets */,
			);
			path = "Preview Content";
			sourceTree = "<group>";
		};
		C8DE94D22B6ADC33002FB5E6 /* Style */ = {
			isa = PBXGroup;
			children = (
				C8C6CEFC2A8260610010EEDE /* Gradient.swift */,
			);
			path = Style;
			sourceTree = "<group>";
		};
		C8F9C1482B5EF5DD0052864F /* Data */ = {
			isa = PBXGroup;
			children = (
				C89F1BE92B4037FE00073084 /* CalendarDetails.swift */,
				C8F9C1462B5EF47A0052864F /* InfoStructure.swift */,
				C8ADAC462B60609D001EE81B /* VotivePropers.swift */,
			);
			path = Data;
			sourceTree = "<group>";
		};
		C8FE438E2B2A3557000A68C6 /* Server */ = {
			isa = PBXGroup;
			children = (
				C8AD1EA42B2CB9AD00631ACA /* Models */,
				C8FE438F2B2A359F000A68C6 /* ActiveData.swift */,
				C8FE43912B2A3EB8000A68C6 /* Cache.swift */,
				C8FE43932B2A45F7000A68C6 /* API.swift */,
			);
			path = Server;
			sourceTree = "<group>";
		};
/* End PBXGroup section */

/* Begin PBXNativeTarget section */
		C85DEB472A34A9D5005269E3 /* ordo-1962-widget */ = {
			isa = PBXNativeTarget;
			buildConfigurationList = C85DEB562A34A9D7005269E3 /* Build configuration list for PBXNativeTarget "ordo-1962-widget" */;
			buildPhases = (
				C85DEB442A34A9D5005269E3 /* Sources */,
				C85DEB452A34A9D5005269E3 /* Frameworks */,
				C85DEB462A34A9D5005269E3 /* Resources */,
			);
			buildRules = (
			);
			dependencies = (
			);
			name = "ordo-1962-widget";
			packageProductDependencies = (
				C8ADAC4E2B606EE2001EE81B /* OrderedCollections */,
			);
			productName = CalendarWidgetExtension;
			productReference = C844736E2A9000A1005E2E9D /* ordo-1962-widget.appex */;
			productType = "com.apple.product-type.app-extension";
		};
		C8A3596729EF06220018F6B7 /* ordo-1962 */ = {
			isa = PBXNativeTarget;
			buildConfigurationList = C8A3597629EF06240018F6B7 /* Build configuration list for PBXNativeTarget "ordo-1962" */;
			buildPhases = (
				C8A3596429EF06220018F6B7 /* Sources */,
				C8A3596529EF06220018F6B7 /* Frameworks */,
				C8A3596629EF06220018F6B7 /* Resources */,
				C85DEB262A34A7E6005269E3 /* Embed Foundation Extensions */,
				C8BE49FD2A360EA40076EF32 /* Embed Watch Content */,
			);
			buildRules = (
			);
			dependencies = (
				C89296242A45B3230090871A /* PBXTargetDependency */,
				C85DEB542A34A9D7005269E3 /* PBXTargetDependency */,
			);
			name = "ordo-1962";
			packageProductDependencies = (
				C8C904B22A377EF100BB6872 /* AlertToast */,
				C8B61D162B3F881E00CF74CB /* OrderedCollections */,
			);
			productName = "ordo-1962";
			productReference = C87DF9D82A4086FD00AD1D88 /* ordo-1962.app */;
			productType = "com.apple.product-type.application";
		};
		C8D4DCBC2A3610E50049C042 /* ordo-1962-watch */ = {
			isa = PBXNativeTarget;
			buildConfigurationList = C8D4DCCB2A3610E70049C042 /* Build configuration list for PBXNativeTarget "ordo-1962-watch" */;
			buildPhases = (
				C8D4DCB92A3610E50049C042 /* Sources */,
				C8D4DCBA2A3610E50049C042 /* Frameworks */,
				C8D4DCBB2A3610E50049C042 /* Resources */,
				C8D4DCEB2A3629B90049C042 /* Embed Foundation Extensions */,
			);
			buildRules = (
			);
			dependencies = (
			);
			name = "ordo-1962-watch";
			packageProductDependencies = (
				C80655BE2B5D285200051AF8 /* OrderedCollections */,
			);
			productName = "Ordo62 Watch App";
			productReference = C89213992A8FDCA2000ED8E1 /* 1962 Ordo.app */;
			productType = "com.apple.product-type.application";
		};
/* End PBXNativeTarget section */

/* Begin PBXProject section */
		C8A3596029EF06220018F6B7 /* Project object */ = {
			isa = PBXProject;
			attributes = {
				BuildIndependentTargetsInParallel = 1;
				LastSwiftUpdateCheck = 1430;
				LastUpgradeCheck = 1510;
				TargetAttributes = {
					C85DEB472A34A9D5005269E3 = {
						CreatedOnToolsVersion = 14.3.1;
					};
					C8A3596729EF06220018F6B7 = {
						CreatedOnToolsVersion = 14.3;
					};
					C8D4DCBC2A3610E50049C042 = {
						CreatedOnToolsVersion = 14.3.1;
					};
				};
			};
			buildConfigurationList = C8A3596329EF06220018F6B7 /* Build configuration list for PBXProject "ordo-1962" */;
			compatibilityVersion = "Xcode 14.0";
			developmentRegion = en;
			hasScannedForEncodings = 0;
			knownRegions = (
				en,
				Base,
			);
			mainGroup = C8A3595F29EF06220018F6B7;
			packageReferences = (
				C8C904B12A377EF100BB6872 /* XCRemoteSwiftPackageReference "AlertToast" */,
				C8B61D152B3F881E00CF74CB /* XCRemoteSwiftPackageReference "swift-collections" */,
			);
			productRefGroup = C8A3595F29EF06220018F6B7;
			projectDirPath = "";
			projectRoot = "";
			targets = (
				C8A3596729EF06220018F6B7 /* ordo-1962 */,
				C85DEB472A34A9D5005269E3 /* ordo-1962-widget */,
				C8D4DCBC2A3610E50049C042 /* ordo-1962-watch */,
			);
		};
/* End PBXProject section */

/* Begin PBXResourcesBuildPhase section */
		C85DEB462A34A9D5005269E3 /* Resources */ = {
			isa = PBXResourcesBuildPhase;
			buildActionMask = 2147483647;
			files = (
				C85DEB512A34A9D7005269E3 /* Assets.xcassets in Resources */,
			);
			runOnlyForDeploymentPostprocessing = 0;
		};
		C8A3596629EF06220018F6B7 /* Resources */ = {
			isa = PBXResourcesBuildPhase;
			buildActionMask = 2147483647;
			files = (
				C8B374602A23A2040024E930 /* LaunchScreen.storyboard in Resources */,
				C8A3597029EF06240018F6B7 /* Assets.xcassets in Resources */,
			);
			runOnlyForDeploymentPostprocessing = 0;
		};
		C8D4DCBB2A3610E50049C042 /* Resources */ = {
			isa = PBXResourcesBuildPhase;
			buildActionMask = 2147483647;
			files = (
				C8D4DCC72A3610E70049C042 /* Preview Assets.xcassets in Resources */,
				C8D4DCC42A3610E70049C042 /* Assets.xcassets in Resources */,
			);
			runOnlyForDeploymentPostprocessing = 0;
		};
/* End PBXResourcesBuildPhase section */

/* Begin PBXSourcesBuildPhase section */
		C85DEB442A34A9D5005269E3 /* Sources */ = {
			isa = PBXSourcesBuildPhase;
			buildActionMask = 2147483647;
			files = (
				C8AD1EA72B2CB9C900631ACA /* Propers.swift in Sources */,
				C82C281E2B655F560092904A /* Locale.swift in Sources */,
				C84E92082B30F4480083A2FB /* Cache.swift in Sources */,
				C80655C22B5D942600051AF8 /* RenderMarkdown.swift in Sources */,
				C8AD1EB12B2CBA1100631ACA /* Ordo.swift in Sources */,
				C85DEB4F2A34A9D5005269E3 /* Widget.swift in Sources */,
				C84E920A2B30F44B0083A2FB /* ActiveData.swift in Sources */,
				C80655C62B5DAC7C00051AF8 /* TabService.swift in Sources */,
				C80ED7382B53ECE200FDCD51 /* DateFormatter.swift in Sources */,
				C8AD1EAF2B2CBA0D00631ACA /* Season.swift in Sources */,
				C8AD1EB32B2CBA1600631ACA /* Prayers.swift in Sources */,
				C84E920C2B30F6A90083A2FB /* NetworkMonitor.swift in Sources */,
				C84E92062B30F4450083A2FB /* API.swift in Sources */,
				C8022BB22B2E5CB500921A27 /* Extensions.swift in Sources */,
			);
			runOnlyForDeploymentPostprocessing = 0;
		};
		C8A3596429EF06220018F6B7 /* Sources */ = {
			isa = PBXSourcesBuildPhase;
			buildActionMask = 2147483647;
			files = (
				C8F9C14A2B5EFF0C0052864F /* KeyboardShowing.swift in Sources */,
				C8AE1DD92A2125D000B36A2C /* Tag.swift in Sources */,
				C8AD1EAC2B2CB9FD00631ACA /* Ordo.swift in Sources */,
				C8F9C14C2B5EFF8B0052864F /* OrdoBar.swift in Sources */,
				C8FE43922B2A3EB8000A68C6 /* Cache.swift in Sources */,
				C871588729F051C500E1F02D /* ErrorView.swift in Sources */,
				C8186FBB2A2A544D0072AB13 /* PrayersView.swift in Sources */,
				C8AE1DDB2A21260500B36A2C /* DisplayDate.swift in Sources */,
				C8ADAC4D2B60651F001EE81B /* OrdoFeast.swift in Sources */,
				C8AE1DE82A214B7D00B36A2C /* iCal.swift in Sources */,
				C8C6CEFD2A8260610010EEDE /* Gradient.swift in Sources */,
				C871588529F0433400E1F02D /* OrdoView.swift in Sources */,
				C8AD1EB62B2CCC0B00631ACA /* CommonView.swift in Sources */,
				C8F9C1472B5EF47A0052864F /* InfoStructure.swift in Sources */,
				C82C281D2B655DFC0092904A /* Locale.swift in Sources */,
				C8DE94D42B6ADCD6002FB5E6 /* CountryFeastDates.swift in Sources */,
				C8AE1DE42A21275F00B36A2C /* SendEmail.swift in Sources */,
				C87086792B66C832009A9796 /* LocalFeast.swift in Sources */,
				C8FE43902B2A359F000A68C6 /* ActiveData.swift in Sources */,
				C8589D5F2B66476D00C55C69 /* NotificationToggle.swift in Sources */,
				C84C543F2A0C016E006CEB35 /* SettingsView.swift in Sources */,
				C8ADAC4B2B606406001EE81B /* OrdoToolbar.swift in Sources */,
				C80655C12B5D942600051AF8 /* RenderMarkdown.swift in Sources */,
				C80655C52B5DAC7C00051AF8 /* TabService.swift in Sources */,
				C8DE94D62B6ADCE5002FB5E6 /* PlaceholderList.swift in Sources */,
				C8B7FBC02A715BDE0026107C /* DisplayText.swift in Sources */,
				C8A3596E29EF06220018F6B7 /* ContentView.swift in Sources */,
				C89F1BEA2B4037FE00073084 /* CalendarDetails.swift in Sources */,
				C837C76F2A3A569100178D00 /* NetworkMonitor.swift in Sources */,
				C8AD1EA62B2CB9C100631ACA /* Propers.swift in Sources */,
				C8CB0D792A478EEA00B2CB95 /* Extensions.swift in Sources */,
				C8AD1EAE2B2CBA0A00631ACA /* Season.swift in Sources */,
				C872D32F2B2F3667006EE383 /* DisplayPropers.swift in Sources */,
				C8AD1EAA2B2CB9E600631ACA /* Prayers.swift in Sources */,
				C80ED7372B53ECCD00FDCD51 /* DateFormatter.swift in Sources */,
				C84A18E22B21B0FC00D55834 /* LoadingView.swift in Sources */,
				C87086772B66C80F009A9796 /* AdditionalMassPropers.swift in Sources */,
				C8589D5D2B6644DF00C55C69 /* LocalPushNoifications.swift in Sources */,
				C8B61D142B3F71E000CF74CB /* InfoView.swift in Sources */,
				C80883102A5DAE90001AC6E5 /* OrdoRow.swift in Sources */,
				C8ADAC492B60627C001EE81B /* OrdoEventList.swift in Sources */,
				C80655C92B5DACDE00051AF8 /* TabBar.swift in Sources */,
				C8A3596C29EF06220018F6B7 /* App.swift in Sources */,
				C8ADAC472B60609D001EE81B /* VotivePropers.swift in Sources */,
				C8FE43942B2A45F7000A68C6 /* API.swift in Sources */,
			);
			runOnlyForDeploymentPostprocessing = 0;
		};
		C8D4DCB92A3610E50049C042 /* Sources */ = {
			isa = PBXSourcesBuildPhase;
			buildActionMask = 2147483647;
			files = (
				C80ED73A2B53ECEC00FDCD51 /* DateFormatter.swift in Sources */,
				C84E920D2B30F7A30083A2FB /* NetworkMonitor.swift in Sources */,
				C8AD1EB42B2CBA1600631ACA /* Prayers.swift in Sources */,
				C84E920B2B30F44B0083A2FB /* ActiveData.swift in Sources */,
				C8AD1EB22B2CBA1200631ACA /* Ordo.swift in Sources */,
				C82C281F2B655F560092904A /* Locale.swift in Sources */,
				C8D4DCC22A3610E50049C042 /* ContentView.swift in Sources */,
				C8022BB32B2E5CB600921A27 /* Extensions.swift in Sources */,
				C8AD1EA82B2CB9C900631ACA /* Propers.swift in Sources */,
				C8D4DCC02A3610E50049C042 /* App.swift in Sources */,
				C80655C32B5D942600051AF8 /* RenderMarkdown.swift in Sources */,
				C84E92092B30F4480083A2FB /* Cache.swift in Sources */,
				C8AD1EB02B2CBA0F00631ACA /* Season.swift in Sources */,
				C80655C72B5DAC7C00051AF8 /* TabService.swift in Sources */,
				C84E92072B30F4450083A2FB /* API.swift in Sources */,
			);
			runOnlyForDeploymentPostprocessing = 0;
		};
/* End PBXSourcesBuildPhase section */

/* Begin PBXTargetDependency section */
		C85DEB542A34A9D7005269E3 /* PBXTargetDependency */ = {
			isa = PBXTargetDependency;
			target = C85DEB472A34A9D5005269E3 /* ordo-1962-widget */;
			targetProxy = C85DEB532A34A9D7005269E3 /* PBXContainerItemProxy */;
		};
		C89296242A45B3230090871A /* PBXTargetDependency */ = {
			isa = PBXTargetDependency;
			target = C8D4DCBC2A3610E50049C042 /* ordo-1962-watch */;
			targetProxy = C89296232A45B3230090871A /* PBXContainerItemProxy */;
		};
/* End PBXTargetDependency section */

/* Begin XCBuildConfiguration section */
		C85DEB572A34A9D7005269E3 /* Debug */ = {
			isa = XCBuildConfiguration;
			buildSettings = {
				ASSETCATALOG_COMPILER_GLOBAL_ACCENT_COLOR_NAME = AccentColor;
				ASSETCATALOG_COMPILER_WIDGET_BACKGROUND_COLOR_NAME = WidgetBackground;
				CODE_SIGN_ENTITLEMENTS = "widget/widget-ent.entitlements";
				CODE_SIGN_IDENTITY = "Apple Development";
				CODE_SIGN_STYLE = Automatic;
				CURRENT_PROJECT_VERSION = 1;
				DEVELOPMENT_TEAM = 5LVS6ZWDJW;
				GENERATE_INFOPLIST_FILE = YES;
				INFOPLIST_FILE = widget/Info.plist;
				INFOPLIST_KEY_CFBundleDisplayName = "1962 Ordo";
				INFOPLIST_KEY_NSHumanReadableCopyright = "";
				IPHONEOS_DEPLOYMENT_TARGET = 17.0;
				LD_RUNPATH_SEARCH_PATHS = (
					"$(inherited)",
					"@executable_path/Frameworks",
					"@executable_path/../../Frameworks",
				);
				MARKETING_VERSION = 1.3.1;
				PRODUCT_BUNDLE_IDENTIFIER = "com.mfrankland.ordo-62.widget";
				PRODUCT_NAME = "$(TARGET_NAME)";
				SKIP_INSTALL = YES;
				SWIFT_EMIT_LOC_STRINGS = YES;
				SWIFT_VERSION = 5.0;
				TARGETED_DEVICE_FAMILY = "1,2";
			};
			name = Debug;
		};
		C85DEB582A34A9D7005269E3 /* Release */ = {
			isa = XCBuildConfiguration;
			buildSettings = {
				ASSETCATALOG_COMPILER_GLOBAL_ACCENT_COLOR_NAME = AccentColor;
				ASSETCATALOG_COMPILER_WIDGET_BACKGROUND_COLOR_NAME = WidgetBackground;
				CODE_SIGN_ENTITLEMENTS = "widget/widget-ent.entitlements";
				CODE_SIGN_IDENTITY = "Apple Development";
				CODE_SIGN_STYLE = Automatic;
				CURRENT_PROJECT_VERSION = 1;
				DEVELOPMENT_TEAM = 5LVS6ZWDJW;
				GENERATE_INFOPLIST_FILE = YES;
				INFOPLIST_FILE = widget/Info.plist;
				INFOPLIST_KEY_CFBundleDisplayName = "1962 Ordo";
				INFOPLIST_KEY_NSHumanReadableCopyright = "";
				IPHONEOS_DEPLOYMENT_TARGET = 17.0;
				LD_RUNPATH_SEARCH_PATHS = (
					"$(inherited)",
					"@executable_path/Frameworks",
					"@executable_path/../../Frameworks",
				);
				MARKETING_VERSION = 1.3.1;
				PRODUCT_BUNDLE_IDENTIFIER = "com.mfrankland.ordo-62.widget";
				PRODUCT_NAME = "$(TARGET_NAME)";
				SKIP_INSTALL = YES;
				SWIFT_EMIT_LOC_STRINGS = YES;
				SWIFT_VERSION = 5.0;
				TARGETED_DEVICE_FAMILY = "1,2";
			};
			name = Release;
		};
		C8A3597429EF06240018F6B7 /* Debug */ = {
			isa = XCBuildConfiguration;
			buildSettings = {
				ALWAYS_SEARCH_USER_PATHS = NO;
				ASSETCATALOG_COMPILER_GENERATE_SWIFT_ASSET_SYMBOL_EXTENSIONS = YES;
				CLANG_ANALYZER_NONNULL = YES;
				CLANG_ANALYZER_NUMBER_OBJECT_CONVERSION = YES_AGGRESSIVE;
				CLANG_CXX_LANGUAGE_STANDARD = "gnu++20";
				CLANG_ENABLE_MODULES = YES;
				CLANG_ENABLE_OBJC_ARC = YES;
				CLANG_ENABLE_OBJC_WEAK = YES;
				CLANG_TIDY_BUGPRONE_REDUNDANT_BRANCH_CONDITION = YES;
				CLANG_TIDY_MISC_REDUNDANT_EXPRESSION = YES;
				CLANG_WARN_BLOCK_CAPTURE_AUTORELEASING = YES;
				CLANG_WARN_BOOL_CONVERSION = YES;
				CLANG_WARN_COMMA = YES;
				CLANG_WARN_CONSTANT_CONVERSION = YES;
				CLANG_WARN_DEPRECATED_OBJC_IMPLEMENTATIONS = YES;
				CLANG_WARN_DIRECT_OBJC_ISA_USAGE = YES_ERROR;
				CLANG_WARN_DOCUMENTATION_COMMENTS = YES;
				CLANG_WARN_EMPTY_BODY = YES;
				CLANG_WARN_ENUM_CONVERSION = YES;
				CLANG_WARN_INFINITE_RECURSION = YES;
				CLANG_WARN_INT_CONVERSION = YES;
				CLANG_WARN_NON_LITERAL_NULL_CONVERSION = YES;
				CLANG_WARN_OBJC_IMPLICIT_RETAIN_SELF = YES;
				CLANG_WARN_OBJC_LITERAL_CONVERSION = YES;
				CLANG_WARN_OBJC_ROOT_CLASS = YES_ERROR;
				CLANG_WARN_QUOTED_INCLUDE_IN_FRAMEWORK_HEADER = YES;
				CLANG_WARN_RANGE_LOOP_ANALYSIS = YES;
				CLANG_WARN_STRICT_PROTOTYPES = YES;
				CLANG_WARN_SUSPICIOUS_MOVE = YES;
				CLANG_WARN_UNGUARDED_AVAILABILITY = YES_AGGRESSIVE;
				CLANG_WARN_UNREACHABLE_CODE = YES;
				CLANG_WARN__DUPLICATE_METHOD_MATCH = YES;
				COPY_PHASE_STRIP = NO;
				DEBUG_INFORMATION_FORMAT = dwarf;
				ENABLE_STRICT_OBJC_MSGSEND = YES;
				ENABLE_TESTABILITY = YES;
				ENABLE_USER_SCRIPT_SANDBOXING = YES;
				GCC_C_LANGUAGE_STANDARD = gnu11;
				GCC_DYNAMIC_NO_PIC = NO;
				GCC_NO_COMMON_BLOCKS = YES;
				GCC_OPTIMIZATION_LEVEL = 0;
				GCC_PREPROCESSOR_DEFINITIONS = (
					"DEBUG=1",
					"$(inherited)",
				);
				GCC_WARN_64_TO_32_BIT_CONVERSION = YES;
				GCC_WARN_ABOUT_RETURN_TYPE = YES_ERROR;
				GCC_WARN_UNDECLARED_SELECTOR = YES;
				GCC_WARN_UNINITIALIZED_AUTOS = YES_AGGRESSIVE;
				GCC_WARN_UNUSED_FUNCTION = YES;
				GCC_WARN_UNUSED_LABEL = YES;
				GCC_WARN_UNUSED_PARAMETER = YES;
				GCC_WARN_UNUSED_VARIABLE = YES;
				IPHONEOS_DEPLOYMENT_TARGET = 16.4;
				MTL_ENABLE_DEBUG_INFO = INCLUDE_SOURCE;
				MTL_FAST_MATH = YES;
				ONLY_ACTIVE_ARCH = YES;
				SDKROOT = iphoneos;
				SWIFT_ACTIVE_COMPILATION_CONDITIONS = DEBUG;
				SWIFT_OPTIMIZATION_LEVEL = "-Onone";
				WATCHOS_DEPLOYMENT_TARGET = 9.4;
			};
			name = Debug;
		};
		C8A3597529EF06240018F6B7 /* Release */ = {
			isa = XCBuildConfiguration;
			buildSettings = {
				ALWAYS_SEARCH_USER_PATHS = NO;
				ASSETCATALOG_COMPILER_GENERATE_SWIFT_ASSET_SYMBOL_EXTENSIONS = YES;
				CLANG_ANALYZER_NONNULL = YES;
				CLANG_ANALYZER_NUMBER_OBJECT_CONVERSION = YES_AGGRESSIVE;
				CLANG_CXX_LANGUAGE_STANDARD = "gnu++20";
				CLANG_ENABLE_MODULES = YES;
				CLANG_ENABLE_OBJC_ARC = YES;
				CLANG_ENABLE_OBJC_WEAK = YES;
				CLANG_TIDY_BUGPRONE_REDUNDANT_BRANCH_CONDITION = YES;
				CLANG_TIDY_MISC_REDUNDANT_EXPRESSION = YES;
				CLANG_WARN_BLOCK_CAPTURE_AUTORELEASING = YES;
				CLANG_WARN_BOOL_CONVERSION = YES;
				CLANG_WARN_COMMA = YES;
				CLANG_WARN_CONSTANT_CONVERSION = YES;
				CLANG_WARN_DEPRECATED_OBJC_IMPLEMENTATIONS = YES;
				CLANG_WARN_DIRECT_OBJC_ISA_USAGE = YES_ERROR;
				CLANG_WARN_DOCUMENTATION_COMMENTS = YES;
				CLANG_WARN_EMPTY_BODY = YES;
				CLANG_WARN_ENUM_CONVERSION = YES;
				CLANG_WARN_INFINITE_RECURSION = YES;
				CLANG_WARN_INT_CONVERSION = YES;
				CLANG_WARN_NON_LITERAL_NULL_CONVERSION = YES;
				CLANG_WARN_OBJC_IMPLICIT_RETAIN_SELF = YES;
				CLANG_WARN_OBJC_LITERAL_CONVERSION = YES;
				CLANG_WARN_OBJC_ROOT_CLASS = YES_ERROR;
				CLANG_WARN_QUOTED_INCLUDE_IN_FRAMEWORK_HEADER = YES;
				CLANG_WARN_RANGE_LOOP_ANALYSIS = YES;
				CLANG_WARN_STRICT_PROTOTYPES = YES;
				CLANG_WARN_SUSPICIOUS_MOVE = YES;
				CLANG_WARN_UNGUARDED_AVAILABILITY = YES_AGGRESSIVE;
				CLANG_WARN_UNREACHABLE_CODE = YES;
				CLANG_WARN__DUPLICATE_METHOD_MATCH = YES;
				COPY_PHASE_STRIP = NO;
				DEBUG_INFORMATION_FORMAT = "dwarf-with-dsym";
				ENABLE_NS_ASSERTIONS = NO;
				ENABLE_STRICT_OBJC_MSGSEND = YES;
				ENABLE_USER_SCRIPT_SANDBOXING = YES;
				GCC_C_LANGUAGE_STANDARD = gnu11;
				GCC_NO_COMMON_BLOCKS = YES;
				GCC_WARN_64_TO_32_BIT_CONVERSION = YES;
				GCC_WARN_ABOUT_RETURN_TYPE = YES_ERROR;
				GCC_WARN_UNDECLARED_SELECTOR = YES;
				GCC_WARN_UNINITIALIZED_AUTOS = YES_AGGRESSIVE;
				GCC_WARN_UNUSED_FUNCTION = YES;
				GCC_WARN_UNUSED_LABEL = YES;
				GCC_WARN_UNUSED_PARAMETER = YES;
				GCC_WARN_UNUSED_VARIABLE = YES;
				IPHONEOS_DEPLOYMENT_TARGET = 16.4;
				MTL_ENABLE_DEBUG_INFO = NO;
				MTL_FAST_MATH = YES;
				SDKROOT = iphoneos;
				SWIFT_COMPILATION_MODE = wholemodule;
				SWIFT_OPTIMIZATION_LEVEL = "-O";
				VALIDATE_PRODUCT = YES;
				WATCHOS_DEPLOYMENT_TARGET = 9.4;
			};
			name = Release;
		};
		C8A3597729EF06240018F6B7 /* Debug */ = {
			isa = XCBuildConfiguration;
			buildSettings = {
				ALWAYS_EMBED_SWIFT_STANDARD_LIBRARIES = YES;
				ASSETCATALOG_COMPILER_APPICON_NAME = AppIcon;
				ASSETCATALOG_COMPILER_GLOBAL_ACCENT_COLOR_NAME = "";
				CODE_SIGN_ENTITLEMENTS = "ios/app-ent.entitlements";
				CODE_SIGN_IDENTITY = "Apple Development";
				CODE_SIGN_STYLE = Automatic;
				CURRENT_PROJECT_VERSION = 1;
				DEBUG_INFORMATION_FORMAT = "dwarf-with-dsym";
				DEVELOPMENT_ASSET_PATHS = "";
				DEVELOPMENT_TEAM = 5LVS6ZWDJW;
				ENABLE_PREVIEWS = YES;
				GENERATE_INFOPLIST_FILE = YES;
				INFOPLIST_FILE = "ordo-1962-Info.plist";
				INFOPLIST_KEY_CFBundleDisplayName = "1962 Ordo";
				INFOPLIST_KEY_NSCalendarsUsageDescription = "Store 'Ordo' dates on your device";
				INFOPLIST_KEY_UIApplicationSceneManifest_Generation = YES;
				INFOPLIST_KEY_UIApplicationSupportsIndirectInputEvents = YES;
				INFOPLIST_KEY_UILaunchScreen_Generation = YES;
				INFOPLIST_KEY_UILaunchStoryboardName = LaunchScreen.storyboard;
				INFOPLIST_KEY_UIRequiresFullScreen = YES;
				INFOPLIST_KEY_UIStatusBarHidden = YES;
				INFOPLIST_KEY_UISupportedInterfaceOrientations = "UIInterfaceOrientationPortrait UIInterfaceOrientationPortraitUpsideDown";
				INFOPLIST_KEY_UISupportedInterfaceOrientations_iPad = "UIInterfaceOrientationLandscapeLeft UIInterfaceOrientationLandscapeRight UIInterfaceOrientationPortrait UIInterfaceOrientationPortraitUpsideDown";
				IPHONEOS_DEPLOYMENT_TARGET = 17.0;
				LD_RUNPATH_SEARCH_PATHS = (
					"$(inherited)",
					"@executable_path/Frameworks",
				);
				MARKETING_VERSION = 1.3.1;
				PRODUCT_BUNDLE_IDENTIFIER = "com.mfrankland.ordo-62";
				PRODUCT_NAME = "$(TARGET_NAME)";
				PROVISIONING_PROFILE_SPECIFIER = "";
				SWIFT_EMIT_LOC_STRINGS = YES;
				SWIFT_VERSION = 5.0;
				TARGETED_DEVICE_FAMILY = "1,2";
			};
			name = Debug;
		};
		C8A3597829EF06240018F6B7 /* Release */ = {
			isa = XCBuildConfiguration;
			buildSettings = {
				ALWAYS_EMBED_SWIFT_STANDARD_LIBRARIES = YES;
				ASSETCATALOG_COMPILER_APPICON_NAME = AppIcon;
				ASSETCATALOG_COMPILER_GLOBAL_ACCENT_COLOR_NAME = "";
				CODE_SIGN_ENTITLEMENTS = "ios/app-ent.entitlements";
				CODE_SIGN_IDENTITY = "Apple Development";
				CODE_SIGN_STYLE = Automatic;
				CURRENT_PROJECT_VERSION = 1;
				DEVELOPMENT_ASSET_PATHS = "";
				DEVELOPMENT_TEAM = 5LVS6ZWDJW;
				ENABLE_PREVIEWS = YES;
				GENERATE_INFOPLIST_FILE = YES;
				INFOPLIST_FILE = "ordo-1962-Info.plist";
				INFOPLIST_KEY_CFBundleDisplayName = "1962 Ordo";
				INFOPLIST_KEY_NSCalendarsUsageDescription = "Store 'Ordo' dates on your device";
				INFOPLIST_KEY_UIApplicationSceneManifest_Generation = YES;
				INFOPLIST_KEY_UIApplicationSupportsIndirectInputEvents = YES;
				INFOPLIST_KEY_UILaunchScreen_Generation = YES;
				INFOPLIST_KEY_UILaunchStoryboardName = LaunchScreen.storyboard;
				INFOPLIST_KEY_UIRequiresFullScreen = YES;
				INFOPLIST_KEY_UIStatusBarHidden = YES;
				INFOPLIST_KEY_UISupportedInterfaceOrientations = "UIInterfaceOrientationPortrait UIInterfaceOrientationPortraitUpsideDown";
				INFOPLIST_KEY_UISupportedInterfaceOrientations_iPad = "UIInterfaceOrientationLandscapeLeft UIInterfaceOrientationLandscapeRight UIInterfaceOrientationPortrait UIInterfaceOrientationPortraitUpsideDown";
				IPHONEOS_DEPLOYMENT_TARGET = 17.0;
				LD_RUNPATH_SEARCH_PATHS = (
					"$(inherited)",
					"@executable_path/Frameworks",
				);
				MARKETING_VERSION = 1.3.1;
				PRODUCT_BUNDLE_IDENTIFIER = "com.mfrankland.ordo-62";
				PRODUCT_NAME = "$(TARGET_NAME)";
				PROVISIONING_PROFILE_SPECIFIER = "";
				SWIFT_EMIT_LOC_STRINGS = YES;
				SWIFT_VERSION = 5.0;
				TARGETED_DEVICE_FAMILY = "1,2";
			};
			name = Release;
		};
		C8D4DCCC2A3610E70049C042 /* Debug */ = {
			isa = XCBuildConfiguration;
			buildSettings = {
				ASSETCATALOG_COMPILER_APPICON_NAME = AppIcon;
				ASSETCATALOG_COMPILER_GLOBAL_ACCENT_COLOR_NAME = AccentColor;
				CODE_SIGN_ENTITLEMENTS = "ordo-1962-watch.entitlements";
				CODE_SIGN_IDENTITY = "Apple Development";
				CODE_SIGN_STYLE = Automatic;
				CURRENT_PROJECT_VERSION = 1;
				DEVELOPMENT_ASSET_PATHS = "\"watchos/Preview Content\"";
				DEVELOPMENT_TEAM = 5LVS6ZWDJW;
				ENABLE_PREVIEWS = YES;
				GENERATE_INFOPLIST_FILE = YES;
				INFOPLIST_FILE = watchos/Info.plist;
				INFOPLIST_KEY_CFBundleDisplayName = "1962 Ordo";
				INFOPLIST_KEY_UISupportedInterfaceOrientations = "UIInterfaceOrientationPortrait UIInterfaceOrientationPortraitUpsideDown";
				INFOPLIST_KEY_WKCompanionAppBundleIdentifier = "com.mfrankland.ordo-62";
				INFOPLIST_KEY_WKRunsIndependentlyOfCompanionApp = YES;
				LD_RUNPATH_SEARCH_PATHS = (
					"$(inherited)",
					"@executable_path/Frameworks",
				);
				MARKETING_VERSION = 1.3.1;
				PRODUCT_BUNDLE_IDENTIFIER = "com.mfrankland.ordo-62.Watch";
				PRODUCT_NAME = "1962 Ordo";
				SDKROOT = watchos;
				SKIP_INSTALL = YES;
				SWIFT_EMIT_LOC_STRINGS = YES;
				SWIFT_VERSION = 5.0;
				TARGETED_DEVICE_FAMILY = 4;
				WATCHOS_DEPLOYMENT_TARGET = 10.0;
			};
			name = Debug;
		};
		C8D4DCCD2A3610E70049C042 /* Release */ = {
			isa = XCBuildConfiguration;
			buildSettings = {
				ASSETCATALOG_COMPILER_APPICON_NAME = AppIcon;
				ASSETCATALOG_COMPILER_GLOBAL_ACCENT_COLOR_NAME = AccentColor;
				CODE_SIGN_ENTITLEMENTS = "ordo-1962-watch.entitlements";
				CODE_SIGN_IDENTITY = "Apple Development";
				CODE_SIGN_STYLE = Automatic;
				CURRENT_PROJECT_VERSION = 1;
				DEVELOPMENT_ASSET_PATHS = "\"watchos/Preview Content\"";
				DEVELOPMENT_TEAM = 5LVS6ZWDJW;
				ENABLE_PREVIEWS = YES;
				GENERATE_INFOPLIST_FILE = YES;
				INFOPLIST_FILE = watchos/Info.plist;
				INFOPLIST_KEY_CFBundleDisplayName = "1962 Ordo";
				INFOPLIST_KEY_UISupportedInterfaceOrientations = "UIInterfaceOrientationPortrait UIInterfaceOrientationPortraitUpsideDown";
				INFOPLIST_KEY_WKCompanionAppBundleIdentifier = "com.mfrankland.ordo-62";
				INFOPLIST_KEY_WKRunsIndependentlyOfCompanionApp = YES;
				LD_RUNPATH_SEARCH_PATHS = (
					"$(inherited)",
					"@executable_path/Frameworks",
				);
				MARKETING_VERSION = 1.3.1;
				PRODUCT_BUNDLE_IDENTIFIER = "com.mfrankland.ordo-62.Watch";
				PRODUCT_NAME = "1962 Ordo";
				SDKROOT = watchos;
				SKIP_INSTALL = YES;
				SWIFT_EMIT_LOC_STRINGS = YES;
				SWIFT_VERSION = 5.0;
				TARGETED_DEVICE_FAMILY = 4;
				WATCHOS_DEPLOYMENT_TARGET = 10.0;
			};
			name = Release;
		};
/* End XCBuildConfiguration section */

/* Begin XCConfigurationList section */
		C85DEB562A34A9D7005269E3 /* Build configuration list for PBXNativeTarget "ordo-1962-widget" */ = {
			isa = XCConfigurationList;
			buildConfigurations = (
				C85DEB572A34A9D7005269E3 /* Debug */,
				C85DEB582A34A9D7005269E3 /* Release */,
			);
			defaultConfigurationIsVisible = 0;
			defaultConfigurationName = Debug;
		};
		C8A3596329EF06220018F6B7 /* Build configuration list for PBXProject "ordo-1962" */ = {
			isa = XCConfigurationList;
			buildConfigurations = (
				C8A3597429EF06240018F6B7 /* Debug */,
				C8A3597529EF06240018F6B7 /* Release */,
			);
			defaultConfigurationIsVisible = 0;
			defaultConfigurationName = Debug;
		};
		C8A3597629EF06240018F6B7 /* Build configuration list for PBXNativeTarget "ordo-1962" */ = {
			isa = XCConfigurationList;
			buildConfigurations = (
				C8A3597729EF06240018F6B7 /* Debug */,
				C8A3597829EF06240018F6B7 /* Release */,
			);
			defaultConfigurationIsVisible = 0;
			defaultConfigurationName = Debug;
		};
		C8D4DCCB2A3610E70049C042 /* Build configuration list for PBXNativeTarget "ordo-1962-watch" */ = {
			isa = XCConfigurationList;
			buildConfigurations = (
				C8D4DCCC2A3610E70049C042 /* Debug */,
				C8D4DCCD2A3610E70049C042 /* Release */,
			);
			defaultConfigurationIsVisible = 0;
			defaultConfigurationName = Debug;
		};
/* End XCConfigurationList section */

/* Begin XCRemoteSwiftPackageReference section */
		C8B61D152B3F881E00CF74CB /* XCRemoteSwiftPackageReference "swift-collections" */ = {
			isa = XCRemoteSwiftPackageReference;
			repositoryURL = "https://github.com/apple/swift-collections.git";
			requirement = {
				kind = upToNextMajorVersion;
				minimumVersion = 1.0.6;
			};
		};
		C8C904B12A377EF100BB6872 /* XCRemoteSwiftPackageReference "AlertToast" */ = {
			isa = XCRemoteSwiftPackageReference;
			repositoryURL = "https://github.com/elai950/AlertToast";
			requirement = {
				kind = upToNextMajorVersion;
				minimumVersion = 1.0.0;
			};
		};
/* End XCRemoteSwiftPackageReference section */

/* Begin XCSwiftPackageProductDependency section */
		C80655BE2B5D285200051AF8 /* OrderedCollections */ = {
			isa = XCSwiftPackageProductDependency;
			package = C8B61D152B3F881E00CF74CB /* XCRemoteSwiftPackageReference "swift-collections" */;
			productName = OrderedCollections;
		};
		C8ADAC4E2B606EE2001EE81B /* OrderedCollections */ = {
			isa = XCSwiftPackageProductDependency;
			package = C8B61D152B3F881E00CF74CB /* XCRemoteSwiftPackageReference "swift-collections" */;
			productName = OrderedCollections;
		};
		C8B61D162B3F881E00CF74CB /* OrderedCollections */ = {
			isa = XCSwiftPackageProductDependency;
			package = C8B61D152B3F881E00CF74CB /* XCRemoteSwiftPackageReference "swift-collections" */;
			productName = OrderedCollections;
		};
		C8C904B22A377EF100BB6872 /* AlertToast */ = {
			isa = XCSwiftPackageProductDependency;
			package = C8C904B12A377EF100BB6872 /* XCRemoteSwiftPackageReference "AlertToast" */;
			productName = AlertToast;
		};
/* End XCSwiftPackageProductDependency section */
	};
	rootObject = C8A3596029EF06220018F6B7 /* Project object */;
}
