// !$*UTF8*$!
{
	archiveVersion = 1;
	classes = {
	};
	objectVersion = 56;
	objects = {

/* Begin PBXBuildFile section */
		C803BB422A520D7400EA2F98 /* StructsAPI.swift in Sources */ = {isa = PBXBuildFile; fileRef = C803BB412A520D7400EA2F98 /* StructsAPI.swift */; };
		C803BB452A520D9800EA2F98 /* OrdoAPI.swift in Sources */ = {isa = PBXBuildFile; fileRef = C803BB442A520D9800EA2F98 /* OrdoAPI.swift */; };
		C803BB482A520DB300EA2F98 /* PrayerAPI.swift in Sources */ = {isa = PBXBuildFile; fileRef = C803BB472A520DB200EA2F98 /* PrayerAPI.swift */; };
		C803BB4A2A52EAF500EA2F98 /* Extensions.swift in Sources */ = {isa = PBXBuildFile; fileRef = C8CB0D782A478EEA00B2CB95 /* Extensions.swift */; };
		C803BB4B2A52EAFE00EA2F98 /* API.swift in Sources */ = {isa = PBXBuildFile; fileRef = C8A6DB012A45F8FF008B1B92 /* API.swift */; };
		C80649EE29FACE7D00CF218D /* FirebaseConfig.swift in Sources */ = {isa = PBXBuildFile; fileRef = C80649ED29FACE7D00CF218D /* FirebaseConfig.swift */; };
		C80883082A5D8AF3001AC6E5 /* PropersAPI.swift in Sources */ = {isa = PBXBuildFile; fileRef = C80883072A5D8AF3001AC6E5 /* PropersAPI.swift */; };
		C808830B2A5D9167001AC6E5 /* Structs.swift in Sources */ = {isa = PBXBuildFile; fileRef = C808830A2A5D9167001AC6E5 /* Structs.swift */; };
		C808830C2A5D917E001AC6E5 /* Structs.swift in Sources */ = {isa = PBXBuildFile; fileRef = C808830A2A5D9167001AC6E5 /* Structs.swift */; };
		C808830D2A5D918F001AC6E5 /* Structs.swift in Sources */ = {isa = PBXBuildFile; fileRef = C808830A2A5D9167001AC6E5 /* Structs.swift */; };
		C80883102A5DAE90001AC6E5 /* Row.swift in Sources */ = {isa = PBXBuildFile; fileRef = C808830F2A5DAE90001AC6E5 /* Row.swift */; };
		C80883122A5DAEB1001AC6E5 /* PropersButton.swift in Sources */ = {isa = PBXBuildFile; fileRef = C80883112A5DAEB1001AC6E5 /* PropersButton.swift */; };
		C8186FBB2A2A544D0072AB13 /* Prayer.swift in Sources */ = {isa = PBXBuildFile; fileRef = C8186FBA2A2A544D0072AB13 /* Prayer.swift */; };
		C837C76F2A3A569100178D00 /* Network.swift in Sources */ = {isa = PBXBuildFile; fileRef = C837C76E2A3A569000178D00 /* Network.swift */; };
		C8428D2629F52572001462FF /* AppDelegate.swift in Sources */ = {isa = PBXBuildFile; fileRef = C8428D2529F52572001462FF /* AppDelegate.swift */; };
		C8428D2829F582A4001462FF /* API.swift in Sources */ = {isa = PBXBuildFile; fileRef = C8428D2729F582A4001462FF /* API.swift */; };
		C844736F2A900184005E2E9D /* ordo-1962-widget.appex in Embed Foundation Extensions */ = {isa = PBXBuildFile; fileRef = C844736E2A9000A1005E2E9D /* ordo-1962-widget.appex */; settings = {ATTRIBUTES = (RemoveHeadersOnCopy, ); }; };
		C84C543F2A0C016E006CEB35 /* Settings.swift in Sources */ = {isa = PBXBuildFile; fileRef = C84C543E2A0C016E006CEB35 /* Settings.swift */; };
		C85DEB492A34A9D5005269E3 /* WidgetKit.framework in Frameworks */ = {isa = PBXBuildFile; fileRef = C85DEB122A34A7E3005269E3 /* WidgetKit.framework */; };
		C85DEB4A2A34A9D5005269E3 /* SwiftUI.framework in Frameworks */ = {isa = PBXBuildFile; fileRef = C85DEB142A34A7E4005269E3 /* SwiftUI.framework */; };
		C85DEB4F2A34A9D5005269E3 /* Widget.swift in Sources */ = {isa = PBXBuildFile; fileRef = C85DEB4E2A34A9D5005269E3 /* Widget.swift */; };
		C85DEB512A34A9D7005269E3 /* Assets.xcassets in Resources */ = {isa = PBXBuildFile; fileRef = C85DEB502A34A9D7005269E3 /* Assets.xcassets */; };
		C871588529F0433400E1F02D /* Ordo.swift in Sources */ = {isa = PBXBuildFile; fileRef = C871588429F0433400E1F02D /* Ordo.swift */; };
		C871588729F051C500E1F02D /* ErrorView.swift in Sources */ = {isa = PBXBuildFile; fileRef = C871588629F051C500E1F02D /* ErrorView.swift */; };
		C8839F892A2267EB006348B5 /* Options.swift in Sources */ = {isa = PBXBuildFile; fileRef = C8839F882A2267EB006348B5 /* Options.swift */; };
		C897C6F52A868F9300600131 /* iCalStructs.swift in Sources */ = {isa = PBXBuildFile; fileRef = C897C6F42A868F9300600131 /* iCalStructs.swift */; };
		C89E51AD2A8FDEE5006C88B3 /* 1962 Ordo.app in Embed Watch Content */ = {isa = PBXBuildFile; fileRef = C89213992A8FDCA2000ED8E1 /* 1962 Ordo.app */; settings = {ATTRIBUTES = (RemoveHeadersOnCopy, ); }; };
		C8A3596C29EF06220018F6B7 /* App.swift in Sources */ = {isa = PBXBuildFile; fileRef = C8A3596B29EF06220018F6B7 /* App.swift */; };
		C8A3596E29EF06220018F6B7 /* ContentView.swift in Sources */ = {isa = PBXBuildFile; fileRef = C8A3596D29EF06220018F6B7 /* ContentView.swift */; };
		C8A3597029EF06240018F6B7 /* Assets.xcassets in Resources */ = {isa = PBXBuildFile; fileRef = C8A3596F29EF06240018F6B7 /* Assets.xcassets */; };
		C8A6DB022A45F8FF008B1B92 /* API.swift in Sources */ = {isa = PBXBuildFile; fileRef = C8A6DB012A45F8FF008B1B92 /* API.swift */; };
		C8AE1DD92A2125D000B36A2C /* Tag.swift in Sources */ = {isa = PBXBuildFile; fileRef = C8AE1DD82A2125D000B36A2C /* Tag.swift */; };
		C8AE1DDB2A21260500B36A2C /* Day.swift in Sources */ = {isa = PBXBuildFile; fileRef = C8AE1DDA2A21260500B36A2C /* Day.swift */; };
		C8AE1DDD2A21265200B36A2C /* Feast.swift in Sources */ = {isa = PBXBuildFile; fileRef = C8AE1DDC2A21265200B36A2C /* Feast.swift */; };
		C8AE1DE42A21275F00B36A2C /* Mail.swift in Sources */ = {isa = PBXBuildFile; fileRef = C8AE1DE32A21275F00B36A2C /* Mail.swift */; };
		C8AE1DE82A214B7D00B36A2C /* iCal.swift in Sources */ = {isa = PBXBuildFile; fileRef = C8AE1DE72A214B7D00B36A2C /* iCal.swift */; };
		C8B374602A23A2040024E930 /* LaunchScreen.storyboard in Resources */ = {isa = PBXBuildFile; fileRef = C8B3745F2A23A2040024E930 /* LaunchScreen.storyboard */; };
		C8B3E9B12A73D343004C021A /* GoTo.swift in Sources */ = {isa = PBXBuildFile; fileRef = C8B3E9B02A73D343004C021A /* GoTo.swift */; };
		C8B7FBC02A715BDE0026107C /* TextDisplay.swift in Sources */ = {isa = PBXBuildFile; fileRef = C8B7FBBF2A715BDE0026107C /* TextDisplay.swift */; };
		C8B7FBC22A71627E0026107C /* CustomPicker.swift in Sources */ = {isa = PBXBuildFile; fileRef = C8B7FBC12A71627E0026107C /* CustomPicker.swift */; };
		C8B7FBC72A71B46D0026107C /* NavBarGradient.swift in Sources */ = {isa = PBXBuildFile; fileRef = C8B7FBC62A71B46D0026107C /* NavBarGradient.swift */; };
		C8BAA14129F3FEDD00D167E8 /* FirebaseInAppMessagingSwift-Beta in Frameworks */ = {isa = PBXBuildFile; productRef = C8BAA14029F3FEDD00D167E8 /* FirebaseInAppMessagingSwift-Beta */; };
		C8BAA14329F3FEDD00D167E8 /* FirebaseMessaging in Frameworks */ = {isa = PBXBuildFile; productRef = C8BAA14229F3FEDD00D167E8 /* FirebaseMessaging */; };
		C8BAA14529F3FEDD00D167E8 /* FirebaseRemoteConfigSwift in Frameworks */ = {isa = PBXBuildFile; productRef = C8BAA14429F3FEDD00D167E8 /* FirebaseRemoteConfigSwift */; };
		C8C427FB2A3767D000C4DDEA /* AppReleases.swift in Sources */ = {isa = PBXBuildFile; fileRef = C8C427FA2A3767D000C4DDEA /* AppReleases.swift */; };
		C8C6CEFD2A8260610010EEDE /* TabBarGradient.swift in Sources */ = {isa = PBXBuildFile; fileRef = C8C6CEFC2A8260610010EEDE /* TabBarGradient.swift */; };
		C8C6E6762A5DE70E0009B375 /* ScalableFont.swift in Sources */ = {isa = PBXBuildFile; fileRef = C8C6E6752A5DE70E0009B375 /* ScalableFont.swift */; };
		C8C6E6772A5DEB620009B375 /* ScalableFont.swift in Sources */ = {isa = PBXBuildFile; fileRef = C8C6E6752A5DE70E0009B375 /* ScalableFont.swift */; };
		C8C6E6782A5DEB630009B375 /* ScalableFont.swift in Sources */ = {isa = PBXBuildFile; fileRef = C8C6E6752A5DE70E0009B375 /* ScalableFont.swift */; };
		C8C904B32A377EF100BB6872 /* AlertToast in Frameworks */ = {isa = PBXBuildFile; productRef = C8C904B22A377EF100BB6872 /* AlertToast */; };
		C8CB0D792A478EEA00B2CB95 /* Extensions.swift in Sources */ = {isa = PBXBuildFile; fileRef = C8CB0D782A478EEA00B2CB95 /* Extensions.swift */; };
		C8CB0D7B2A4792A300B2CB95 /* Extensions.swift in Sources */ = {isa = PBXBuildFile; fileRef = C8CB0D782A478EEA00B2CB95 /* Extensions.swift */; };
		C8CCEF6D2A901EDA00B74BDE /* GoogleService-Info.plist in Resources */ = {isa = PBXBuildFile; fileRef = C8CCEF6C2A901EDA00B74BDE /* GoogleService-Info.plist */; };
		C8D4DCC02A3610E50049C042 /* App.swift in Sources */ = {isa = PBXBuildFile; fileRef = C8D4DCBF2A3610E50049C042 /* App.swift */; };
		C8D4DCC22A3610E50049C042 /* ContentView.swift in Sources */ = {isa = PBXBuildFile; fileRef = C8D4DCC12A3610E50049C042 /* ContentView.swift */; };
		C8D4DCC42A3610E70049C042 /* Assets.xcassets in Resources */ = {isa = PBXBuildFile; fileRef = C8D4DCC32A3610E70049C042 /* Assets.xcassets */; };
		C8D4DCC72A3610E70049C042 /* Preview Assets.xcassets in Resources */ = {isa = PBXBuildFile; fileRef = C8D4DCC62A3610E70049C042 /* Preview Assets.xcassets */; };
		C8D4DCCF2A3616D90049C042 /* SwiftUI.framework in Frameworks */ = {isa = PBXBuildFile; fileRef = C8D4DCCE2A3616D90049C042 /* SwiftUI.framework */; };
/* End PBXBuildFile section */

/* Begin PBXContainerItemProxy section */
		C85DEB532A34A9D7005269E3 /* PBXContainerItemProxy */ = {
			isa = PBXContainerItemProxy;
			containerPortal = C8A3596029EF06220018F6B7 /* Project object */;
			proxyType = 1;
			remoteGlobalIDString = C85DEB472A34A9D5005269E3;
			remoteInfo = CalendarWidgetExtension;
		};
		C89296232A45B3230090871A /* PBXContainerItemProxy */ = {
			isa = PBXContainerItemProxy;
			containerPortal = C8A3596029EF06220018F6B7 /* Project object */;
			proxyType = 1;
			remoteGlobalIDString = C8D4DCBC2A3610E50049C042;
			remoteInfo = "Ordo62 Watch App";
		};
/* End PBXContainerItemProxy section */

/* Begin PBXCopyFilesBuildPhase section */
		C85DEB262A34A7E6005269E3 /* Embed Foundation Extensions */ = {
			isa = PBXCopyFilesBuildPhase;
			buildActionMask = 12;
			dstPath = "";
			dstSubfolderSpec = 13;
			files = (
				C844736F2A900184005E2E9D /* ordo-1962-widget.appex in Embed Foundation Extensions */,
			);
			name = "Embed Foundation Extensions";
			runOnlyForDeploymentPostprocessing = 0;
		};
		C8BE49FD2A360EA40076EF32 /* Embed Watch Content */ = {
			isa = PBXCopyFilesBuildPhase;
			buildActionMask = 12;
			dstPath = "$(CONTENTS_FOLDER_PATH)/Watch";
			dstSubfolderSpec = 16;
			files = (
				C89E51AD2A8FDEE5006C88B3 /* 1962 Ordo.app in Embed Watch Content */,
			);
			name = "Embed Watch Content";
			runOnlyForDeploymentPostprocessing = 0;
		};
		C8D4DCEB2A3629B90049C042 /* Embed Foundation Extensions */ = {
			isa = PBXCopyFilesBuildPhase;
			buildActionMask = 2147483647;
			dstPath = "";
			dstSubfolderSpec = 13;
			files = (
			);
			name = "Embed Foundation Extensions";
			runOnlyForDeploymentPostprocessing = 0;
		};
/* End PBXCopyFilesBuildPhase section */

/* Begin PBXFileReference section */
		C803BB412A520D7400EA2F98 /* StructsAPI.swift */ = {isa = PBXFileReference; lastKnownFileType = sourcecode.swift; path = StructsAPI.swift; sourceTree = "<group>"; };
		C803BB442A520D9800EA2F98 /* OrdoAPI.swift */ = {isa = PBXFileReference; lastKnownFileType = sourcecode.swift; path = OrdoAPI.swift; sourceTree = "<group>"; };
		C803BB472A520DB200EA2F98 /* PrayerAPI.swift */ = {isa = PBXFileReference; lastKnownFileType = sourcecode.swift; path = PrayerAPI.swift; sourceTree = "<group>"; };
		C80649ED29FACE7D00CF218D /* FirebaseConfig.swift */ = {isa = PBXFileReference; lastKnownFileType = sourcecode.swift; path = FirebaseConfig.swift; sourceTree = "<group>"; };
		C80883072A5D8AF3001AC6E5 /* PropersAPI.swift */ = {isa = PBXFileReference; lastKnownFileType = sourcecode.swift; path = PropersAPI.swift; sourceTree = "<group>"; };
		C808830A2A5D9167001AC6E5 /* Structs.swift */ = {isa = PBXFileReference; lastKnownFileType = sourcecode.swift; path = Structs.swift; sourceTree = "<group>"; };
		C808830F2A5DAE90001AC6E5 /* Row.swift */ = {isa = PBXFileReference; lastKnownFileType = sourcecode.swift; path = Row.swift; sourceTree = "<group>"; };
		C80883112A5DAEB1001AC6E5 /* PropersButton.swift */ = {isa = PBXFileReference; lastKnownFileType = sourcecode.swift; path = PropersButton.swift; sourceTree = "<group>"; };
		C8186FBA2A2A544D0072AB13 /* Prayer.swift */ = {isa = PBXFileReference; lastKnownFileType = sourcecode.swift; path = Prayer.swift; sourceTree = "<group>"; };
		C837C76E2A3A569000178D00 /* Network.swift */ = {isa = PBXFileReference; lastKnownFileType = sourcecode.swift; path = Network.swift; sourceTree = "<group>"; };
		C8428D2529F52572001462FF /* AppDelegate.swift */ = {isa = PBXFileReference; lastKnownFileType = sourcecode.swift; path = AppDelegate.swift; sourceTree = "<group>"; };
		C8428D2729F582A4001462FF /* API.swift */ = {isa = PBXFileReference; lastKnownFileType = sourcecode.swift; path = API.swift; sourceTree = "<group>"; };
		C844736E2A9000A1005E2E9D /* ordo-1962-widget.appex */ = {isa = PBXFileReference; explicitFileType = "wrapper.app-extension"; includeInIndex = 0; path = "ordo-1962-widget.appex"; sourceTree = BUILT_PRODUCTS_DIR; };
		C84C543E2A0C016E006CEB35 /* Settings.swift */ = {isa = PBXFileReference; lastKnownFileType = sourcecode.swift; path = Settings.swift; sourceTree = "<group>"; };
		C85DEB122A34A7E3005269E3 /* WidgetKit.framework */ = {isa = PBXFileReference; lastKnownFileType = wrapper.framework; name = WidgetKit.framework; path = System/Library/Frameworks/WidgetKit.framework; sourceTree = SDKROOT; };
		C85DEB142A34A7E4005269E3 /* SwiftUI.framework */ = {isa = PBXFileReference; lastKnownFileType = wrapper.framework; name = SwiftUI.framework; path = System/Library/Frameworks/SwiftUI.framework; sourceTree = SDKROOT; };
		C85DEB4E2A34A9D5005269E3 /* Widget.swift */ = {isa = PBXFileReference; lastKnownFileType = sourcecode.swift; path = Widget.swift; sourceTree = "<group>"; };
		C85DEB502A34A9D7005269E3 /* Assets.xcassets */ = {isa = PBXFileReference; lastKnownFileType = folder.assetcatalog; path = Assets.xcassets; sourceTree = "<group>"; };
		C871588429F0433400E1F02D /* Ordo.swift */ = {isa = PBXFileReference; lastKnownFileType = sourcecode.swift; path = Ordo.swift; sourceTree = "<group>"; };
		C871588629F051C500E1F02D /* ErrorView.swift */ = {isa = PBXFileReference; lastKnownFileType = sourcecode.swift; path = ErrorView.swift; sourceTree = "<group>"; };
		C87DF9D82A4086FD00AD1D88 /* ordo-1962.app */ = {isa = PBXFileReference; explicitFileType = wrapper.application; includeInIndex = 0; path = "ordo-1962.app"; sourceTree = BUILT_PRODUCTS_DIR; };
		C8839F882A2267EB006348B5 /* Options.swift */ = {isa = PBXFileReference; lastKnownFileType = sourcecode.swift; path = Options.swift; sourceTree = "<group>"; };
		C89213992A8FDCA2000ED8E1 /* 1962 Ordo.app */ = {isa = PBXFileReference; explicitFileType = wrapper.application; includeInIndex = 0; path = "1962 Ordo.app"; sourceTree = BUILT_PRODUCTS_DIR; };
		C89296252A45D21A0090871A /* WatchKit.framework */ = {isa = PBXFileReference; lastKnownFileType = wrapper.framework; name = WatchKit.framework; path = Platforms/WatchOS.platform/Developer/SDKs/WatchOS9.4.sdk/System/Library/Frameworks/WatchKit.framework; sourceTree = DEVELOPER_DIR; };
		C89559CB2A3E24B7007F3882 /* widget-ent.entitlements */ = {isa = PBXFileReference; lastKnownFileType = text.plist.entitlements; path = "widget-ent.entitlements"; sourceTree = "<group>"; };
		C89559CC2A3E24C2007F3882 /* watch-ent.entitlements */ = {isa = PBXFileReference; lastKnownFileType = text.plist.entitlements; path = "watch-ent.entitlements"; sourceTree = "<group>"; };
		C897C6F42A868F9300600131 /* iCalStructs.swift */ = {isa = PBXFileReference; lastKnownFileType = sourcecode.swift; path = iCalStructs.swift; sourceTree = "<group>"; };
		C8A3596B29EF06220018F6B7 /* App.swift */ = {isa = PBXFileReference; lastKnownFileType = sourcecode.swift; path = App.swift; sourceTree = "<group>"; };
		C8A3596D29EF06220018F6B7 /* ContentView.swift */ = {isa = PBXFileReference; lastKnownFileType = sourcecode.swift; path = ContentView.swift; sourceTree = "<group>"; };
		C8A3596F29EF06240018F6B7 /* Assets.xcassets */ = {isa = PBXFileReference; lastKnownFileType = folder.assetcatalog; path = Assets.xcassets; sourceTree = "<group>"; };
		C8A6DB012A45F8FF008B1B92 /* API.swift */ = {isa = PBXFileReference; lastKnownFileType = sourcecode.swift; path = API.swift; sourceTree = "<group>"; };
		C8AE1DD82A2125D000B36A2C /* Tag.swift */ = {isa = PBXFileReference; lastKnownFileType = sourcecode.swift; path = Tag.swift; sourceTree = "<group>"; };
		C8AE1DDA2A21260500B36A2C /* Day.swift */ = {isa = PBXFileReference; lastKnownFileType = sourcecode.swift; path = Day.swift; sourceTree = "<group>"; };
		C8AE1DDC2A21265200B36A2C /* Feast.swift */ = {isa = PBXFileReference; lastKnownFileType = sourcecode.swift; path = Feast.swift; sourceTree = "<group>"; };
		C8AE1DE32A21275F00B36A2C /* Mail.swift */ = {isa = PBXFileReference; lastKnownFileType = sourcecode.swift; path = Mail.swift; sourceTree = "<group>"; };
		C8AE1DE72A214B7D00B36A2C /* iCal.swift */ = {isa = PBXFileReference; lastKnownFileType = sourcecode.swift; path = iCal.swift; sourceTree = "<group>"; };
		C8B3745F2A23A2040024E930 /* LaunchScreen.storyboard */ = {isa = PBXFileReference; lastKnownFileType = file.storyboard; path = LaunchScreen.storyboard; sourceTree = "<group>"; };
		C8B3E9B02A73D343004C021A /* GoTo.swift */ = {isa = PBXFileReference; lastKnownFileType = sourcecode.swift; path = GoTo.swift; sourceTree = "<group>"; };
		C8B7FBBF2A715BDE0026107C /* TextDisplay.swift */ = {isa = PBXFileReference; lastKnownFileType = sourcecode.swift; path = TextDisplay.swift; sourceTree = "<group>"; };
		C8B7FBC12A71627E0026107C /* CustomPicker.swift */ = {isa = PBXFileReference; lastKnownFileType = sourcecode.swift; path = CustomPicker.swift; sourceTree = "<group>"; };
		C8B7FBC62A71B46D0026107C /* NavBarGradient.swift */ = {isa = PBXFileReference; lastKnownFileType = sourcecode.swift; path = NavBarGradient.swift; sourceTree = "<group>"; };
		C8BAA13729F2ED0800D167E8 /* Info.plist */ = {isa = PBXFileReference; lastKnownFileType = text.pliStxml; path = Info.plist; sourceTree = "<group>"; };
		C8BAA13829F2F12200D167E8 /* app-ent.entitlements */ = {isa = PBXFileReference; lastKnownFileType = text.plist.entitlements; path = "app-ent.entitlements"; sourceTree = "<group>"; };
		C8C427FA2A3767D000C4DDEA /* AppReleases.swift */ = {isa = PBXFileReference; lastKnownFileType = sourcecode.swift; path = AppReleases.swift; sourceTree = "<group>"; };
		C8C6CEFC2A8260610010EEDE /* TabBarGradient.swift */ = {isa = PBXFileReference; lastKnownFileType = sourcecode.swift; path = TabBarGradient.swift; sourceTree = "<group>"; };
		C8C6E6752A5DE70E0009B375 /* ScalableFont.swift */ = {isa = PBXFileReference; lastKnownFileType = sourcecode.swift; path = ScalableFont.swift; sourceTree = "<group>"; };
		C8CB0D782A478EEA00B2CB95 /* Extensions.swift */ = {isa = PBXFileReference; lastKnownFileType = sourcecode.swift; path = Extensions.swift; sourceTree = "<group>"; };
		C8CCEF6C2A901EDA00B74BDE /* GoogleService-Info.plist */ = {isa = PBXFileReference; fileEncoding = 4; lastKnownFileType = text.plist.xml; path = "GoogleService-Info.plist"; sourceTree = "<group>"; };
		C8D4DCBF2A3610E50049C042 /* App.swift */ = {isa = PBXFileReference; lastKnownFileType = sourcecode.swift; path = App.swift; sourceTree = "<group>"; };
		C8D4DCC12A3610E50049C042 /* ContentView.swift */ = {isa = PBXFileReference; lastKnownFileType = sourcecode.swift; path = ContentView.swift; sourceTree = "<group>"; };
		C8D4DCC32A3610E70049C042 /* Assets.xcassets */ = {isa = PBXFileReference; lastKnownFileType = folder.assetcatalog; path = Assets.xcassets; sourceTree = "<group>"; };
		C8D4DCC62A3610E70049C042 /* Preview Assets.xcassets */ = {isa = PBXFileReference; lastKnownFileType = folder.assetcatalog; path = "Preview Assets.xcassets"; sourceTree = "<group>"; };
		C8D4DCCE2A3616D90049C042 /* SwiftUI.framework */ = {isa = PBXFileReference; lastKnownFileType = wrapper.framework; name = SwiftUI.framework; path = Platforms/WatchOS.platform/Developer/SDKs/WatchOS9.4.sdk/System/Library/Frameworks/SwiftUI.framework; sourceTree = DEVELOPER_DIR; };
		C8DF2F002A900FAE001F4D7F /* Info.plist */ = {isa = PBXFileReference; lastKnownFileType = text.plist.xml; path = Info.plist; sourceTree = "<group>"; };
		C8DF2F022A90161E001F4D7F /* Info.plist */ = {isa = PBXFileReference; lastKnownFileType = text.plist.xml; path = Info.plist; sourceTree = "<group>"; };
/* End PBXFileReference section */

/* Begin PBXFrameworksBuildPhase section */
		C85DEB452A34A9D5005269E3 /* Frameworks */ = {
			isa = PBXFrameworksBuildPhase;
			buildActionMask = 2147483647;
			files = (
				C85DEB4A2A34A9D5005269E3 /* SwiftUI.framework in Frameworks */,
				C85DEB492A34A9D5005269E3 /* WidgetKit.framework in Frameworks */,
			);
			runOnlyForDeploymentPostprocessing = 0;
		};
		C8A3596529EF06220018F6B7 /* Frameworks */ = {
			isa = PBXFrameworksBuildPhase;
			buildActionMask = 2147483647;
			files = (
				C8BAA14329F3FEDD00D167E8 /* FirebaseMessaging in Frameworks */,
				C8BAA14529F3FEDD00D167E8 /* FirebaseRemoteConfigSwift in Frameworks */,
				C8BAA14129F3FEDD00D167E8 /* FirebaseInAppMessagingSwift-Beta in Frameworks */,
				C8C904B32A377EF100BB6872 /* AlertToast in Frameworks */,
			);
			runOnlyForDeploymentPostprocessing = 0;
		};
		C8D4DCBA2A3610E50049C042 /* Frameworks */ = {
			isa = PBXFrameworksBuildPhase;
			buildActionMask = 2147483647;
			files = (
				C8D4DCCF2A3616D90049C042 /* SwiftUI.framework in Frameworks */,
			);
			runOnlyForDeploymentPostprocessing = 0;
		};
/* End PBXFrameworksBuildPhase section */

/* Begin PBXGroup section */
		C803BB402A520D6400EA2F98 /* API */ = {
			isa = PBXGroup;
			children = (
				C8428D2729F582A4001462FF /* API.swift */,
				C803BB442A520D9800EA2F98 /* OrdoAPI.swift */,
				C803BB472A520DB200EA2F98 /* PrayerAPI.swift */,
				C80883072A5D8AF3001AC6E5 /* PropersAPI.swift */,
				C803BB412A520D7400EA2F98 /* StructsAPI.swift */,
			);
			path = API;
			sourceTree = "<group>";
		};
		C80649EF29FADAF000CF218D /* Config */ = {
			isa = PBXGroup;
			children = (
				C803BB402A520D6400EA2F98 /* API */,
				C8CB0D782A478EEA00B2CB95 /* Extensions.swift */,
				C80649ED29FACE7D00CF218D /* FirebaseConfig.swift */,
				C837C76E2A3A569000178D00 /* Network.swift */,
				C808830A2A5D9167001AC6E5 /* Structs.swift */,
				C8C6E6752A5DE70E0009B375 /* ScalableFont.swift */,
				C8B7FBC62A71B46D0026107C /* NavBarGradient.swift */,
				C8C6CEFC2A8260610010EEDE /* TabBarGradient.swift */,
			);
			path = Config;
			sourceTree = "<group>";
		};
		C85DEB4B2A34A9D5005269E3 /* widget */ = {
			isa = PBXGroup;
			children = (
				C89559CB2A3E24B7007F3882 /* widget-ent.entitlements */,
				C8DF2F002A900FAE001F4D7F /* Info.plist */,
				C85DEB4E2A34A9D5005269E3 /* Widget.swift */,
				C85DEB502A34A9D7005269E3 /* Assets.xcassets */,
			);
			path = widget;
			sourceTree = "<group>";
		};
		C871588329F042F000E1F02D /* Views */ = {
			isa = PBXGroup;
			children = (
				C8B7FBC32A7165140026107C /* Components */,
				C8AE1DD72A21258300B36A2C /* Ordo */,
				C8AE1DE22A21274400B36A2C /* Settings */,
				C897C6F12A868BA600600131 /* Prayer */,
				C8A3596D29EF06220018F6B7 /* ContentView.swift */,
				C871588629F051C500E1F02D /* ErrorView.swift */,
			);
			path = Views;
			sourceTree = "<group>";
		};
		C897C6F12A868BA600600131 /* Prayer */ = {
			isa = PBXGroup;
			children = (
				C8186FBA2A2A544D0072AB13 /* Prayer.swift */,
			);
			path = Prayer;
			sourceTree = "<group>";
		};
		C897C6F32A868F8500600131 /* Calendar */ = {
			isa = PBXGroup;
			children = (
				C8AE1DE72A214B7D00B36A2C /* iCal.swift */,
				C897C6F42A868F9300600131 /* iCalStructs.swift */,
			);
			path = Calendar;
			sourceTree = "<group>";
		};
		C8A3595F29EF06220018F6B7 = {
			isa = PBXGroup;
			children = (
				C8A3596A29EF06220018F6B7 /* ios */,
				C85DEB4B2A34A9D5005269E3 /* widget */,
				C8D4DCBE2A3610E50049C042 /* watchos */,
				C8BAA14629F400FF00D167E8 /* Frameworks */,
				C87DF9D82A4086FD00AD1D88 /* ordo-1962.app */,
				C89213992A8FDCA2000ED8E1 /* 1962 Ordo.app */,
				C844736E2A9000A1005E2E9D /* ordo-1962-widget.appex */,
			);
			sourceTree = "<group>";
		};
		C8A3596A29EF06220018F6B7 /* ios */ = {
			isa = PBXGroup;
			children = (
				C8BAA13829F2F12200D167E8 /* app-ent.entitlements */,
				C8CCEF6C2A901EDA00B74BDE /* GoogleService-Info.plist */,
				C8BAA13729F2ED0800D167E8 /* Info.plist */,
				C8A3596B29EF06220018F6B7 /* App.swift */,
				C8428D2529F52572001462FF /* AppDelegate.swift */,
				C80649EF29FADAF000CF218D /* Config */,
				C871588329F042F000E1F02D /* Views */,
				C8A3596F29EF06240018F6B7 /* Assets.xcassets */,
				C8B3745F2A23A2040024E930 /* LaunchScreen.storyboard */,
			);
			path = ios;
			sourceTree = "<group>";
		};
		C8AE1DD72A21258300B36A2C /* Ordo */ = {
			isa = PBXGroup;
			children = (
				C8B7FBC52A718C200026107C /* Components */,
				C8B3E9B02A73D343004C021A /* GoTo.swift */,
				C8AE1DDC2A21265200B36A2C /* Feast.swift */,
				C871588429F0433400E1F02D /* Ordo.swift */,
				C808830F2A5DAE90001AC6E5 /* Row.swift */,
			);
			path = Ordo;
			sourceTree = "<group>";
		};
		C8AE1DE22A21274400B36A2C /* Settings */ = {
			isa = PBXGroup;
			children = (
				C8B7FBC42A7165B00026107C /* Components */,
				C84C543E2A0C016E006CEB35 /* Settings.swift */,
			);
			path = Settings;
			sourceTree = "<group>";
		};
		C8B7FBC32A7165140026107C /* Components */ = {
			isa = PBXGroup;
			children = (
				C8B7FBC12A71627E0026107C /* CustomPicker.swift */,
				C8B7FBBF2A715BDE0026107C /* TextDisplay.swift */,
			);
			path = Components;
			sourceTree = "<group>";
		};
		C8B7FBC42A7165B00026107C /* Components */ = {
			isa = PBXGroup;
			children = (
				C897C6F32A868F8500600131 /* Calendar */,
				C8C427FA2A3767D000C4DDEA /* AppReleases.swift */,
				C8AE1DE32A21275F00B36A2C /* Mail.swift */,
				C8839F882A2267EB006348B5 /* Options.swift */,
			);
			path = Components;
			sourceTree = "<group>";
		};
		C8B7FBC52A718C200026107C /* Components */ = {
			isa = PBXGroup;
			children = (
				C80883112A5DAEB1001AC6E5 /* PropersButton.swift */,
				C8AE1DDA2A21260500B36A2C /* Day.swift */,
				C8AE1DD82A2125D000B36A2C /* Tag.swift */,
			);
			path = Components;
			sourceTree = "<group>";
		};
		C8BAA14629F400FF00D167E8 /* Frameworks */ = {
			isa = PBXGroup;
			children = (
				C89296252A45D21A0090871A /* WatchKit.framework */,
				C8D4DCCE2A3616D90049C042 /* SwiftUI.framework */,
				C85DEB122A34A7E3005269E3 /* WidgetKit.framework */,
				C85DEB142A34A7E4005269E3 /* SwiftUI.framework */,
			);
			name = Frameworks;
			sourceTree = "<group>";
		};
		C8D4DCBE2A3610E50049C042 /* watchos */ = {
			isa = PBXGroup;
			children = (
				C89559CC2A3E24C2007F3882 /* watch-ent.entitlements */,
				C8D4DCBF2A3610E50049C042 /* App.swift */,
				C8A6DB012A45F8FF008B1B92 /* API.swift */,
				C8D4DCC12A3610E50049C042 /* ContentView.swift */,
				C8D4DCC32A3610E70049C042 /* Assets.xcassets */,
				C8D4DCC52A3610E70049C042 /* Preview Content */,
				C8DF2F022A90161E001F4D7F /* Info.plist */,
			);
			path = watchos;
			sourceTree = "<group>";
		};
		C8D4DCC52A3610E70049C042 /* Preview Content */ = {
			isa = PBXGroup;
			children = (
				C8D4DCC62A3610E70049C042 /* Preview Assets.xcassets */,
			);
			path = "Preview Content";
			sourceTree = "<group>";
		};
/* End PBXGroup section */

/* Begin PBXNativeTarget section */
		C85DEB472A34A9D5005269E3 /* ordo-1962-widget */ = {
			isa = PBXNativeTarget;
			buildConfigurationList = C85DEB562A34A9D7005269E3 /* Build configuration list for PBXNativeTarget "ordo-1962-widget" */;
			buildPhases = (
				C85DEB442A34A9D5005269E3 /* Sources */,
				C85DEB452A34A9D5005269E3 /* Frameworks */,
				C85DEB462A34A9D5005269E3 /* Resources */,
			);
			buildRules = (
			);
			dependencies = (
			);
			name = "ordo-1962-widget";
			packageProductDependencies = (
			);
			productName = CalendarWidgetExtension;
			productReference = C844736E2A9000A1005E2E9D /* ordo-1962-widget.appex */;
			productType = "com.apple.product-type.app-extension";
		};
		C8A3596729EF06220018F6B7 /* ordo-1962 */ = {
			isa = PBXNativeTarget;
			buildConfigurationList = C8A3597629EF06240018F6B7 /* Build configuration list for PBXNativeTarget "ordo-1962" */;
			buildPhases = (
				C8A3596429EF06220018F6B7 /* Sources */,
				C8A3596529EF06220018F6B7 /* Frameworks */,
				C8A3596629EF06220018F6B7 /* Resources */,
				C85DEB262A34A7E6005269E3 /* Embed Foundation Extensions */,
				C8BE49FD2A360EA40076EF32 /* Embed Watch Content */,
			);
			buildRules = (
			);
			dependencies = (
				C89296242A45B3230090871A /* PBXTargetDependency */,
				C85DEB542A34A9D7005269E3 /* PBXTargetDependency */,
			);
			name = "ordo-1962";
			packageProductDependencies = (
				C8BAA14029F3FEDD00D167E8 /* FirebaseInAppMessagingSwift-Beta */,
				C8BAA14229F3FEDD00D167E8 /* FirebaseMessaging */,
				C8BAA14429F3FEDD00D167E8 /* FirebaseRemoteConfigSwift */,
				C8C904B22A377EF100BB6872 /* AlertToast */,
			);
			productName = "ordo-1962";
			productReference = C87DF9D82A4086FD00AD1D88 /* ordo-1962.app */;
			productType = "com.apple.product-type.application";
		};
		C8D4DCBC2A3610E50049C042 /* ordo-1962-watch */ = {
			isa = PBXNativeTarget;
			buildConfigurationList = C8D4DCCB2A3610E70049C042 /* Build configuration list for PBXNativeTarget "ordo-1962-watch" */;
			buildPhases = (
				C8D4DCB92A3610E50049C042 /* Sources */,
				C8D4DCBA2A3610E50049C042 /* Frameworks */,
				C8D4DCBB2A3610E50049C042 /* Resources */,
				C8D4DCEB2A3629B90049C042 /* Embed Foundation Extensions */,
			);
			buildRules = (
			);
			dependencies = (
			);
			name = "ordo-1962-watch";
			packageProductDependencies = (
			);
			productName = "Ordo62 Watch App";
			productReference = C89213992A8FDCA2000ED8E1 /* 1962 Ordo.app */;
			productType = "com.apple.product-type.application";
		};
/* End PBXNativeTarget section */

/* Begin PBXProject section */
		C8A3596029EF06220018F6B7 /* Project object */ = {
			isa = PBXProject;
			attributes = {
				BuildIndependentTargetsInParallel = 1;
				LastSwiftUpdateCheck = 1430;
				LastUpgradeCheck = 1430;
				TargetAttributes = {
					C85DEB472A34A9D5005269E3 = {
						CreatedOnToolsVersion = 14.3.1;
					};
					C8A3596729EF06220018F6B7 = {
						CreatedOnToolsVersion = 14.3;
					};
					C8D4DCBC2A3610E50049C042 = {
						CreatedOnToolsVersion = 14.3.1;
					};
				};
			};
			buildConfigurationList = C8A3596329EF06220018F6B7 /* Build configuration list for PBXProject "ordo-1962" */;
			compatibilityVersion = "Xcode 14.0";
			developmentRegion = en;
			hasScannedForEncodings = 0;
			knownRegions = (
				en,
				Base,
			);
			mainGroup = C8A3595F29EF06220018F6B7;
			packageReferences = (
				C8BAA13B29F3FEDD00D167E8 /* XCRemoteSwiftPackageReference "firebase-ios-sdk" */,
				C8C904B12A377EF100BB6872 /* XCRemoteSwiftPackageReference "AlertToast" */,
			);
			productRefGroup = C8A3595F29EF06220018F6B7;
			projectDirPath = "";
			projectRoot = "";
			targets = (
				C8A3596729EF06220018F6B7 /* ordo-1962 */,
				C85DEB472A34A9D5005269E3 /* ordo-1962-widget */,
				C8D4DCBC2A3610E50049C042 /* ordo-1962-watch */,
			);
		};
/* End PBXProject section */

/* Begin PBXResourcesBuildPhase section */
		C85DEB462A34A9D5005269E3 /* Resources */ = {
			isa = PBXResourcesBuildPhase;
			buildActionMask = 2147483647;
			files = (
				C85DEB512A34A9D7005269E3 /* Assets.xcassets in Resources */,
			);
			runOnlyForDeploymentPostprocessing = 0;
		};
		C8A3596629EF06220018F6B7 /* Resources */ = {
			isa = PBXResourcesBuildPhase;
			buildActionMask = 2147483647;
			files = (
				C8B374602A23A2040024E930 /* LaunchScreen.storyboard in Resources */,
				C8A3597029EF06240018F6B7 /* Assets.xcassets in Resources */,
				C8CCEF6D2A901EDA00B74BDE /* GoogleService-Info.plist in Resources */,
			);
			runOnlyForDeploymentPostprocessing = 0;
		};
		C8D4DCBB2A3610E50049C042 /* Resources */ = {
			isa = PBXResourcesBuildPhase;
			buildActionMask = 2147483647;
			files = (
				C8D4DCC72A3610E70049C042 /* Preview Assets.xcassets in Resources */,
				C8D4DCC42A3610E70049C042 /* Assets.xcassets in Resources */,
			);
			runOnlyForDeploymentPostprocessing = 0;
		};
/* End PBXResourcesBuildPhase section */

/* Begin PBXSourcesBuildPhase section */
		C85DEB442A34A9D5005269E3 /* Sources */ = {
			isa = PBXSourcesBuildPhase;
			buildActionMask = 2147483647;
			files = (
				C808830C2A5D917E001AC6E5 /* Structs.swift in Sources */,
				C8C6E6772A5DEB620009B375 /* ScalableFont.swift in Sources */,
				C85DEB4F2A34A9D5005269E3 /* Widget.swift in Sources */,
				C803BB4B2A52EAFE00EA2F98 /* API.swift in Sources */,
				C803BB4A2A52EAF500EA2F98 /* Extensions.swift in Sources */,
			);
			runOnlyForDeploymentPostprocessing = 0;
		};
		C8A3596429EF06220018F6B7 /* Sources */ = {
			isa = PBXSourcesBuildPhase;
			buildActionMask = 2147483647;
			files = (
				C808830B2A5D9167001AC6E5 /* Structs.swift in Sources */,
				C8AE1DD92A2125D000B36A2C /* Tag.swift in Sources */,
				C871588729F051C500E1F02D /* ErrorView.swift in Sources */,
				C803BB422A520D7400EA2F98 /* StructsAPI.swift in Sources */,
				C8C427FB2A3767D000C4DDEA /* AppReleases.swift in Sources */,
				C8186FBB2A2A544D0072AB13 /* Prayer.swift in Sources */,
				C8AE1DDB2A21260500B36A2C /* Day.swift in Sources */,
				C8AE1DE82A214B7D00B36A2C /* iCal.swift in Sources */,
				C80883082A5D8AF3001AC6E5 /* PropersAPI.swift in Sources */,
				C8C6CEFD2A8260610010EEDE /* TabBarGradient.swift in Sources */,
				C8AE1DDD2A21265200B36A2C /* Feast.swift in Sources */,
				C871588529F0433400E1F02D /* Ordo.swift in Sources */,
				C80883122A5DAEB1001AC6E5 /* PropersButton.swift in Sources */,
				C8AE1DE42A21275F00B36A2C /* Mail.swift in Sources */,
				C803BB482A520DB300EA2F98 /* PrayerAPI.swift in Sources */,
				C84C543F2A0C016E006CEB35 /* Settings.swift in Sources */,
				C8B7FBC02A715BDE0026107C /* TextDisplay.swift in Sources */,
				C8A3596E29EF06220018F6B7 /* ContentView.swift in Sources */,
				C837C76F2A3A569100178D00 /* Network.swift in Sources */,
				C8428D2829F582A4001462FF /* API.swift in Sources */,
				C8CB0D792A478EEA00B2CB95 /* Extensions.swift in Sources */,
				C8839F892A2267EB006348B5 /* Options.swift in Sources */,
				C8428D2629F52572001462FF /* AppDelegate.swift in Sources */,
				C80649EE29FACE7D00CF218D /* FirebaseConfig.swift in Sources */,
				C897C6F52A868F9300600131 /* iCalStructs.swift in Sources */,
				C803BB452A520D9800EA2F98 /* OrdoAPI.swift in Sources */,
				C8B7FBC72A71B46D0026107C /* NavBarGradient.swift in Sources */,
				C8C6E6762A5DE70E0009B375 /* ScalableFont.swift in Sources */,
				C80883102A5DAE90001AC6E5 /* Row.swift in Sources */,
				C8A3596C29EF06220018F6B7 /* App.swift in Sources */,
				C8B3E9B12A73D343004C021A /* GoTo.swift in Sources */,
				C8B7FBC22A71627E0026107C /* CustomPicker.swift in Sources */,
			);
			runOnlyForDeploymentPostprocessing = 0;
		};
		C8D4DCB92A3610E50049C042 /* Sources */ = {
			isa = PBXSourcesBuildPhase;
			buildActionMask = 2147483647;
			files = (
				C8CB0D7B2A4792A300B2CB95 /* Extensions.swift in Sources */,
				C8D4DCC22A3610E50049C042 /* ContentView.swift in Sources */,
				C808830D2A5D918F001AC6E5 /* Structs.swift in Sources */,
				C8C6E6782A5DEB630009B375 /* ScalableFont.swift in Sources */,
				C8D4DCC02A3610E50049C042 /* App.swift in Sources */,
				C8A6DB022A45F8FF008B1B92 /* API.swift in Sources */,
			);
			runOnlyForDeploymentPostprocessing = 0;
		};
/* End PBXSourcesBuildPhase section */

/* Begin PBXTargetDependency section */
		C85DEB542A34A9D7005269E3 /* PBXTargetDependency */ = {
			isa = PBXTargetDependency;
			target = C85DEB472A34A9D5005269E3 /* ordo-1962-widget */;
			targetProxy = C85DEB532A34A9D7005269E3 /* PBXContainerItemProxy */;
		};
		C89296242A45B3230090871A /* PBXTargetDependency */ = {
			isa = PBXTargetDependency;
			target = C8D4DCBC2A3610E50049C042 /* ordo-1962-watch */;
			targetProxy = C89296232A45B3230090871A /* PBXContainerItemProxy */;
		};
/* End PBXTargetDependency section */

/* Begin XCBuildConfiguration section */
		C85DEB572A34A9D7005269E3 /* Debug */ = {
			isa = XCBuildConfiguration;
			buildSettings = {
				ASSETCATALOG_COMPILER_GLOBAL_ACCENT_COLOR_NAME = AccentColor;
				ASSETCATALOG_COMPILER_WIDGET_BACKGROUND_COLOR_NAME = WidgetBackground;
				CODE_SIGN_ENTITLEMENTS = "widget/widget-ent.entitlements";
				CODE_SIGN_IDENTITY = "Apple Development";
				CODE_SIGN_STYLE = Automatic;
				CURRENT_PROJECT_VERSION = 2;
				DEVELOPMENT_TEAM = 5LVS6ZWDJW;
				GENERATE_INFOPLIST_FILE = YES;
				INFOPLIST_FILE = widget/Info.plist;
				INFOPLIST_KEY_CFBundleDisplayName = "1962 Liturgical Ordo";
				INFOPLIST_KEY_NSHumanReadableCopyright = "";
				LD_RUNPATH_SEARCH_PATHS = (
					"$(inherited)",
					"@executable_path/Frameworks",
					"@executable_path/../../Frameworks",
				);
				MARKETING_VERSION = 1.1.2;
				PRODUCT_BUNDLE_IDENTIFIER = "com.mfrankland.ordo-62.widget";
				PRODUCT_NAME = "$(TARGET_NAME)";
				SKIP_INSTALL = YES;
				SWIFT_EMIT_LOC_STRINGS = YES;
				SWIFT_VERSION = 5.0;
				TARGETED_DEVICE_FAMILY = "1,2";
			};
			name = Debug;
		};
		C85DEB582A34A9D7005269E3 /* Release */ = {
			isa = XCBuildConfiguration;
			buildSettings = {
				ASSETCATALOG_COMPILER_GLOBAL_ACCENT_COLOR_NAME = AccentColor;
				ASSETCATALOG_COMPILER_WIDGET_BACKGROUND_COLOR_NAME = WidgetBackground;
				CODE_SIGN_ENTITLEMENTS = "widget/widget-ent.entitlements";
				CODE_SIGN_IDENTITY = "Apple Development";
				CODE_SIGN_STYLE = Automatic;
				CURRENT_PROJECT_VERSION = 2;
				DEVELOPMENT_TEAM = 5LVS6ZWDJW;
				GENERATE_INFOPLIST_FILE = YES;
				INFOPLIST_FILE = widget/Info.plist;
				INFOPLIST_KEY_CFBundleDisplayName = "1962 Liturgical Ordo";
				INFOPLIST_KEY_NSHumanReadableCopyright = "";
				LD_RUNPATH_SEARCH_PATHS = (
					"$(inherited)",
					"@executable_path/Frameworks",
					"@executable_path/../../Frameworks",
				);
				MARKETING_VERSION = 1.1.2;
				PRODUCT_BUNDLE_IDENTIFIER = "com.mfrankland.ordo-62.widget";
				PRODUCT_NAME = "$(TARGET_NAME)";
				SKIP_INSTALL = YES;
				SWIFT_EMIT_LOC_STRINGS = YES;
				SWIFT_VERSION = 5.0;
				TARGETED_DEVICE_FAMILY = "1,2";
			};
			name = Release;
		};
		C8A3597429EF06240018F6B7 /* Debug */ = {
			isa = XCBuildConfiguration;
			buildSettings = {
				ALWAYS_SEARCH_USER_PATHS = NO;
				CLANG_ANALYZER_NONNULL = YES;
				CLANG_ANALYZER_NUMBER_OBJECT_CONVERSION = YES_AGGRESSIVE;
				CLANG_CXX_LANGUAGE_STANDARD = "gnu++20";
				CLANG_ENABLE_MODULES = YES;
				CLANG_ENABLE_OBJC_ARC = YES;
				CLANG_ENABLE_OBJC_WEAK = YES;
				CLANG_TIDY_BUGPRONE_REDUNDANT_BRANCH_CONDITION = YES;
				CLANG_TIDY_MISC_REDUNDANT_EXPRESSION = YES;
				CLANG_WARN_BLOCK_CAPTURE_AUTORELEASING = YES;
				CLANG_WARN_BOOL_CONVERSION = YES;
				CLANG_WARN_COMMA = YES;
				CLANG_WARN_CONSTANT_CONVERSION = YES;
				CLANG_WARN_DEPRECATED_OBJC_IMPLEMENTATIONS = YES;
				CLANG_WARN_DIRECT_OBJC_ISA_USAGE = YES_ERROR;
				CLANG_WARN_DOCUMENTATION_COMMENTS = YES;
				CLANG_WARN_EMPTY_BODY = YES;
				CLANG_WARN_ENUM_CONVERSION = YES;
				CLANG_WARN_INFINITE_RECURSION = YES;
				CLANG_WARN_INT_CONVERSION = YES;
				CLANG_WARN_NON_LITERAL_NULL_CONVERSION = YES;
				CLANG_WARN_OBJC_IMPLICIT_RETAIN_SELF = YES;
				CLANG_WARN_OBJC_LITERAL_CONVERSION = YES;
				CLANG_WARN_OBJC_ROOT_CLASS = YES_ERROR;
				CLANG_WARN_QUOTED_INCLUDE_IN_FRAMEWORK_HEADER = YES;
				CLANG_WARN_RANGE_LOOP_ANALYSIS = YES;
				CLANG_WARN_STRICT_PROTOTYPES = YES;
				CLANG_WARN_SUSPICIOUS_MOVE = YES;
				CLANG_WARN_UNGUARDED_AVAILABILITY = YES_AGGRESSIVE;
				CLANG_WARN_UNREACHABLE_CODE = YES;
				CLANG_WARN__DUPLICATE_METHOD_MATCH = YES;
				COPY_PHASE_STRIP = NO;
				DEBUG_INFORMATION_FORMAT = dwarf;
				ENABLE_STRICT_OBJC_MSGSEND = YES;
				ENABLE_TESTABILITY = YES;
				GCC_C_LANGUAGE_STANDARD = gnu11;
				GCC_DYNAMIC_NO_PIC = NO;
				GCC_NO_COMMON_BLOCKS = YES;
				GCC_OPTIMIZATION_LEVEL = 0;
				GCC_PREPROCESSOR_DEFINITIONS = (
					"DEBUG=1",
					"$(inherited)",
				);
				GCC_WARN_64_TO_32_BIT_CONVERSION = YES;
				GCC_WARN_ABOUT_RETURN_TYPE = YES_ERROR;
				GCC_WARN_UNDECLARED_SELECTOR = YES;
				GCC_WARN_UNINITIALIZED_AUTOS = YES_AGGRESSIVE;
				GCC_WARN_UNUSED_FUNCTION = YES;
				GCC_WARN_UNUSED_LABEL = YES;
				GCC_WARN_UNUSED_PARAMETER = YES;
				GCC_WARN_UNUSED_VARIABLE = YES;
				IPHONEOS_DEPLOYMENT_TARGET = 16.4;
				MTL_ENABLE_DEBUG_INFO = INCLUDE_SOURCE;
				MTL_FAST_MATH = YES;
				ONLY_ACTIVE_ARCH = YES;
				SDKROOT = iphoneos;
				SWIFT_ACTIVE_COMPILATION_CONDITIONS = DEBUG;
				SWIFT_OPTIMIZATION_LEVEL = "-Onone";
				WATCHOS_DEPLOYMENT_TARGET = 9.4;
			};
			name = Debug;
		};
		C8A3597529EF06240018F6B7 /* Release */ = {
			isa = XCBuildConfiguration;
			buildSettings = {
				ALWAYS_SEARCH_USER_PATHS = NO;
				CLANG_ANALYZER_NONNULL = YES;
				CLANG_ANALYZER_NUMBER_OBJECT_CONVERSION = YES_AGGRESSIVE;
				CLANG_CXX_LANGUAGE_STANDARD = "gnu++20";
				CLANG_ENABLE_MODULES = YES;
				CLANG_ENABLE_OBJC_ARC = YES;
				CLANG_ENABLE_OBJC_WEAK = YES;
				CLANG_TIDY_BUGPRONE_REDUNDANT_BRANCH_CONDITION = YES;
				CLANG_TIDY_MISC_REDUNDANT_EXPRESSION = YES;
				CLANG_WARN_BLOCK_CAPTURE_AUTORELEASING = YES;
				CLANG_WARN_BOOL_CONVERSION = YES;
				CLANG_WARN_COMMA = YES;
				CLANG_WARN_CONSTANT_CONVERSION = YES;
				CLANG_WARN_DEPRECATED_OBJC_IMPLEMENTATIONS = YES;
				CLANG_WARN_DIRECT_OBJC_ISA_USAGE = YES_ERROR;
				CLANG_WARN_DOCUMENTATION_COMMENTS = YES;
				CLANG_WARN_EMPTY_BODY = YES;
				CLANG_WARN_ENUM_CONVERSION = YES;
				CLANG_WARN_INFINITE_RECURSION = YES;
				CLANG_WARN_INT_CONVERSION = YES;
				CLANG_WARN_NON_LITERAL_NULL_CONVERSION = YES;
				CLANG_WARN_OBJC_IMPLICIT_RETAIN_SELF = YES;
				CLANG_WARN_OBJC_LITERAL_CONVERSION = YES;
				CLANG_WARN_OBJC_ROOT_CLASS = YES_ERROR;
				CLANG_WARN_QUOTED_INCLUDE_IN_FRAMEWORK_HEADER = YES;
				CLANG_WARN_RANGE_LOOP_ANALYSIS = YES;
				CLANG_WARN_STRICT_PROTOTYPES = YES;
				CLANG_WARN_SUSPICIOUS_MOVE = YES;
				CLANG_WARN_UNGUARDED_AVAILABILITY = YES_AGGRESSIVE;
				CLANG_WARN_UNREACHABLE_CODE = YES;
				CLANG_WARN__DUPLICATE_METHOD_MATCH = YES;
				COPY_PHASE_STRIP = NO;
				DEBUG_INFORMATION_FORMAT = "dwarf-with-dsym";
				ENABLE_NS_ASSERTIONS = NO;
				ENABLE_STRICT_OBJC_MSGSEND = YES;
				GCC_C_LANGUAGE_STANDARD = gnu11;
				GCC_NO_COMMON_BLOCKS = YES;
				GCC_WARN_64_TO_32_BIT_CONVERSION = YES;
				GCC_WARN_ABOUT_RETURN_TYPE = YES_ERROR;
				GCC_WARN_UNDECLARED_SELECTOR = YES;
				GCC_WARN_UNINITIALIZED_AUTOS = YES_AGGRESSIVE;
				GCC_WARN_UNUSED_FUNCTION = YES;
				GCC_WARN_UNUSED_LABEL = YES;
				GCC_WARN_UNUSED_PARAMETER = YES;
				GCC_WARN_UNUSED_VARIABLE = YES;
				IPHONEOS_DEPLOYMENT_TARGET = 16.4;
				MTL_ENABLE_DEBUG_INFO = NO;
				MTL_FAST_MATH = YES;
				SDKROOT = iphoneos;
				SWIFT_COMPILATION_MODE = wholemodule;
				SWIFT_OPTIMIZATION_LEVEL = "-O";
				VALIDATE_PRODUCT = YES;
				WATCHOS_DEPLOYMENT_TARGET = 9.4;
			};
			name = Release;
		};
		C8A3597729EF06240018F6B7 /* Debug */ = {
			isa = XCBuildConfiguration;
			buildSettings = {
				ALWAYS_EMBED_SWIFT_STANDARD_LIBRARIES = YES;
				ASSETCATALOG_COMPILER_APPICON_NAME = AppIcon;
				ASSETCATALOG_COMPILER_GLOBAL_ACCENT_COLOR_NAME = "";
				CODE_SIGN_ENTITLEMENTS = "ios/app-ent.entitlements";
				CODE_SIGN_IDENTITY = "Apple Development";
				CODE_SIGN_STYLE = Automatic;
				CURRENT_PROJECT_VERSION = 2;
				DEBUG_INFORMATION_FORMAT = "dwarf-with-dsym";
				DEVELOPMENT_ASSET_PATHS = "";
				DEVELOPMENT_TEAM = 5LVS6ZWDJW;
				ENABLE_PREVIEWS = YES;
				GENERATE_INFOPLIST_FILE = YES;
				INFOPLIST_FILE = ios/Info.plist;
				INFOPLIST_KEY_CFBundleDisplayName = "1962 Ordo";
				INFOPLIST_KEY_NSCalendarsUsageDescription = "Store 'Ordo' dates on your device";
				INFOPLIST_KEY_UIApplicationSceneManifest_Generation = YES;
				INFOPLIST_KEY_UIApplicationSupportsIndirectInputEvents = YES;
				INFOPLIST_KEY_UILaunchScreen_Generation = YES;
				INFOPLIST_KEY_UILaunchStoryboardName = LaunchScreen.storyboard;
				INFOPLIST_KEY_UIRequiresFullScreen = YES;
				INFOPLIST_KEY_UIStatusBarHidden = YES;
				INFOPLIST_KEY_UIStatusBarStyle = "";
				INFOPLIST_KEY_UISupportedInterfaceOrientations = "UIInterfaceOrientationPortrait UIInterfaceOrientationPortraitUpsideDown";
				INFOPLIST_KEY_UISupportedInterfaceOrientations_iPad = "UIInterfaceOrientationLandscapeLeft UIInterfaceOrientationLandscapeRight UIInterfaceOrientationPortrait UIInterfaceOrientationPortraitUpsideDown";
				INFOPLIST_KEY_WKCompanionAppBundleIdentifier = "";
				IPHONEOS_DEPLOYMENT_TARGET = 16.0;
				LD_RUNPATH_SEARCH_PATHS = (
					"$(inherited)",
					"@executable_path/Frameworks",
				);
				MARKETING_VERSION = 1.1.2;
				PRODUCT_BUNDLE_IDENTIFIER = "com.mfrankland.ordo-62";
				PRODUCT_NAME = "$(TARGET_NAME)";
				PROVISIONING_PROFILE_SPECIFIER = "";
				SWIFT_EMIT_LOC_STRINGS = YES;
				SWIFT_VERSION = 5.0;
				TARGETED_DEVICE_FAMILY = "1,2";
			};
			name = Debug;
		};
		C8A3597829EF06240018F6B7 /* Release */ = {
			isa = XCBuildConfiguration;
			buildSettings = {
				ALWAYS_EMBED_SWIFT_STANDARD_LIBRARIES = YES;
				ASSETCATALOG_COMPILER_APPICON_NAME = AppIcon;
				ASSETCATALOG_COMPILER_GLOBAL_ACCENT_COLOR_NAME = "";
				CODE_SIGN_ENTITLEMENTS = "ios/app-ent.entitlements";
				CODE_SIGN_IDENTITY = "Apple Development";
				CODE_SIGN_STYLE = Automatic;
				CURRENT_PROJECT_VERSION = 2;
				DEVELOPMENT_ASSET_PATHS = "";
				DEVELOPMENT_TEAM = 5LVS6ZWDJW;
				ENABLE_PREVIEWS = YES;
				GENERATE_INFOPLIST_FILE = YES;
				INFOPLIST_FILE = ios/Info.plist;
				INFOPLIST_KEY_CFBundleDisplayName = "1962 Ordo";
				INFOPLIST_KEY_NSCalendarsUsageDescription = "Store 'Ordo' dates on your device";
				INFOPLIST_KEY_UIApplicationSceneManifest_Generation = YES;
				INFOPLIST_KEY_UIApplicationSupportsIndirectInputEvents = YES;
				INFOPLIST_KEY_UILaunchScreen_Generation = YES;
				INFOPLIST_KEY_UILaunchStoryboardName = LaunchScreen.storyboard;
				INFOPLIST_KEY_UIRequiresFullScreen = YES;
				INFOPLIST_KEY_UIStatusBarHidden = YES;
				INFOPLIST_KEY_UIStatusBarStyle = "";
				INFOPLIST_KEY_UISupportedInterfaceOrientations = "UIInterfaceOrientationPortrait UIInterfaceOrientationPortraitUpsideDown";
				INFOPLIST_KEY_UISupportedInterfaceOrientations_iPad = "UIInterfaceOrientationLandscapeLeft UIInterfaceOrientationLandscapeRight UIInterfaceOrientationPortrait UIInterfaceOrientationPortraitUpsideDown";
				INFOPLIST_KEY_WKCompanionAppBundleIdentifier = "";
				IPHONEOS_DEPLOYMENT_TARGET = 16.0;
				LD_RUNPATH_SEARCH_PATHS = (
					"$(inherited)",
					"@executable_path/Frameworks",
				);
				MARKETING_VERSION = 1.1.2;
				PRODUCT_BUNDLE_IDENTIFIER = "com.mfrankland.ordo-62";
				PRODUCT_NAME = "$(TARGET_NAME)";
				PROVISIONING_PROFILE_SPECIFIER = "";
				SWIFT_EMIT_LOC_STRINGS = YES;
				SWIFT_VERSION = 5.0;
				TARGETED_DEVICE_FAMILY = "1,2";
			};
			name = Release;
		};
		C8D4DCCC2A3610E70049C042 /* Debug */ = {
			isa = XCBuildConfiguration;
			buildSettings = {
				ASSETCATALOG_COMPILER_APPICON_NAME = AppIcon;
				ASSETCATALOG_COMPILER_GLOBAL_ACCENT_COLOR_NAME = AccentColor;
				CODE_SIGN_ENTITLEMENTS = "watchos/watch-ent.entitlements";
				CODE_SIGN_IDENTITY = "Apple Development";
				CODE_SIGN_STYLE = Automatic;
				CURRENT_PROJECT_VERSION = 2;
				DEVELOPMENT_ASSET_PATHS = "\"watchos/Preview Content\"";
				DEVELOPMENT_TEAM = 5LVS6ZWDJW;
				ENABLE_PREVIEWS = YES;
				GENERATE_INFOPLIST_FILE = YES;
				INFOPLIST_FILE = watchos/Info.plist;
				INFOPLIST_KEY_UISupportedInterfaceOrientations = "UIInterfaceOrientationPortrait UIInterfaceOrientationPortraitUpsideDown";
				INFOPLIST_KEY_WKCompanionAppBundleIdentifier = "com.mfrankland.ordo-62";
				INFOPLIST_KEY_WKRunsIndependentlyOfCompanionApp = YES;
				LD_RUNPATH_SEARCH_PATHS = (
					"$(inherited)",
					"@executable_path/Frameworks",
				);
				MARKETING_VERSION = 1.1.2;
				PRODUCT_BUNDLE_IDENTIFIER = "com.mfrankland.ordo-62.Watch";
				PRODUCT_NAME = "1962 Ordo";
				SDKROOT = watchos;
				SKIP_INSTALL = YES;
				SWIFT_EMIT_LOC_STRINGS = YES;
				SWIFT_VERSION = 5.0;
				TARGETED_DEVICE_FAMILY = 4;
				WATCHOS_DEPLOYMENT_TARGET = 9.4;
			};
			name = Debug;
		};
		C8D4DCCD2A3610E70049C042 /* Release */ = {
			isa = XCBuildConfiguration;
			buildSettings = {
				ASSETCATALOG_COMPILER_APPICON_NAME = AppIcon;
				ASSETCATALOG_COMPILER_GLOBAL_ACCENT_COLOR_NAME = AccentColor;
				CODE_SIGN_ENTITLEMENTS = "watchos/watch-ent.entitlements";
				CODE_SIGN_IDENTITY = "Apple Development";
				CODE_SIGN_STYLE = Automatic;
				CURRENT_PROJECT_VERSION = 2;
				DEVELOPMENT_ASSET_PATHS = "\"watchos/Preview Content\"";
				DEVELOPMENT_TEAM = 5LVS6ZWDJW;
				ENABLE_PREVIEWS = YES;
				GENERATE_INFOPLIST_FILE = YES;
				INFOPLIST_FILE = watchos/Info.plist;
				INFOPLIST_KEY_UISupportedInterfaceOrientations = "UIInterfaceOrientationPortrait UIInterfaceOrientationPortraitUpsideDown";
				INFOPLIST_KEY_WKCompanionAppBundleIdentifier = "com.mfrankland.ordo-62";
				INFOPLIST_KEY_WKRunsIndependentlyOfCompanionApp = YES;
				LD_RUNPATH_SEARCH_PATHS = (
					"$(inherited)",
					"@executable_path/Frameworks",
				);
				MARKETING_VERSION = 1.1.2;
				PRODUCT_BUNDLE_IDENTIFIER = "com.mfrankland.ordo-62.Watch";
				PRODUCT_NAME = "1962 Ordo";
				SDKROOT = watchos;
				SKIP_INSTALL = YES;
				SWIFT_EMIT_LOC_STRINGS = YES;
				SWIFT_VERSION = 5.0;
				TARGETED_DEVICE_FAMILY = 4;
				WATCHOS_DEPLOYMENT_TARGET = 9.4;
			};
			name = Release;
		};
/* End XCBuildConfiguration section */

/* Begin XCConfigurationList section */
		C85DEB562A34A9D7005269E3 /* Build configuration list for PBXNativeTarget "ordo-1962-widget" */ = {
			isa = XCConfigurationList;
			buildConfigurations = (
				C85DEB572A34A9D7005269E3 /* Debug */,
				C85DEB582A34A9D7005269E3 /* Release */,
			);
			defaultConfigurationIsVisible = 0;
			defaultConfigurationName = Debug;
		};
		C8A3596329EF06220018F6B7 /* Build configuration list for PBXProject "ordo-1962" */ = {
			isa = XCConfigurationList;
			buildConfigurations = (
				C8A3597429EF06240018F6B7 /* Debug */,
				C8A3597529EF06240018F6B7 /* Release */,
			);
			defaultConfigurationIsVisible = 0;
			defaultConfigurationName = Debug;
		};
		C8A3597629EF06240018F6B7 /* Build configuration list for PBXNativeTarget "ordo-1962" */ = {
			isa = XCConfigurationList;
			buildConfigurations = (
				C8A3597729EF06240018F6B7 /* Debug */,
				C8A3597829EF06240018F6B7 /* Release */,
			);
			defaultConfigurationIsVisible = 0;
			defaultConfigurationName = Debug;
		};
		C8D4DCCB2A3610E70049C042 /* Build configuration list for PBXNativeTarget "ordo-1962-watch" */ = {
			isa = XCConfigurationList;
			buildConfigurations = (
				C8D4DCCC2A3610E70049C042 /* Debug */,
				C8D4DCCD2A3610E70049C042 /* Release */,
			);
			defaultConfigurationIsVisible = 0;
			defaultConfigurationName = Debug;
		};
/* End XCConfigurationList section */

/* Begin XCRemoteSwiftPackageReference section */
		C8BAA13B29F3FEDD00D167E8 /* XCRemoteSwiftPackageReference "firebase-ios-sdk" */ = {
			isa = XCRemoteSwiftPackageReference;
			repositoryURL = "https://github.com/firebase/firebase-ios-sdk";
			requirement = {
				kind = upToNextMajorVersion;
				minimumVersion = 10.0.0;
			};
		};
		C8C904B12A377EF100BB6872 /* XCRemoteSwiftPackageReference "AlertToast" */ = {
			isa = XCRemoteSwiftPackageReference;
			repositoryURL = "https://github.com/elai950/AlertToast";
			requirement = {
				kind = upToNextMajorVersion;
				minimumVersion = 1.0.0;
			};
		};
/* End XCRemoteSwiftPackageReference section */

/* Begin XCSwiftPackageProductDependency section */
		C8BAA14029F3FEDD00D167E8 /* FirebaseInAppMessagingSwift-Beta */ = {
			isa = XCSwiftPackageProductDependency;
			package = C8BAA13B29F3FEDD00D167E8 /* XCRemoteSwiftPackageReference "firebase-ios-sdk" */;
			productName = "FirebaseInAppMessagingSwift-Beta";
		};
		C8BAA14229F3FEDD00D167E8 /* FirebaseMessaging */ = {
			isa = XCSwiftPackageProductDependency;
			package = C8BAA13B29F3FEDD00D167E8 /* XCRemoteSwiftPackageReference "firebase-ios-sdk" */;
			productName = FirebaseMessaging;
		};
		C8BAA14429F3FEDD00D167E8 /* FirebaseRemoteConfigSwift */ = {
			isa = XCSwiftPackageProductDependency;
			package = C8BAA13B29F3FEDD00D167E8 /* XCRemoteSwiftPackageReference "firebase-ios-sdk" */;
			productName = FirebaseRemoteConfigSwift;
		};
		C8C904B22A377EF100BB6872 /* AlertToast */ = {
			isa = XCSwiftPackageProductDependency;
			package = C8C904B12A377EF100BB6872 /* XCRemoteSwiftPackageReference "AlertToast" */;
			productName = AlertToast;
		};
/* End XCSwiftPackageProductDependency section */
	};
	rootObject = C8A3596029EF06220018F6B7 /* Project object */;
}
